
Microsoft Visual Studio Solution File, Format Version 12.00
# Visual Studio Version 17
VisualStudioVersion = 17.0.31903.59
MinimumVisualStudioVersion = 10.0.40219.1
Project("{2150E333-8FDC-42A3-9474-1A3956D46DE8}") = "src", "src", "{827E0CD3-B72D-47B6-A68D-7590B98EB39B}"
EndProject
Project("{2150E333-8FDC-42A3-9474-1A3956D46DE8}") = "flow", "flow", "{2BE95243-1D14-C8AC-F946-8EA4CA4328BF}"
EndProject
Project("{FAE04EC0-301F-11D3-BF4B-00C04F79EFBC}") = "BimOpenFlow.Contracts", "src\flow\BimOpenFlow.Contracts\BimOpenFlow.Contracts.csproj", "{C354106C-B1B3-4506-B615-59685A48A288}"
EndProject
Project("{FAE04EC0-301F-11D3-BF4B-00C04F79EFBC}") = "BimOpenFlow.Dashboards", "src\flow\BimOpenFlow.Dashboards\BimOpenFlow.Dashboards.csproj", "{52A9088B-6E1B-4B0F-A8A6-2D0B5DBFC892}"
EndProject
Project("{FAE04EC0-301F-11D3-BF4B-00C04F79EFBC}") = "BimOpenFlow.Publishing", "src\flow\BimOpenFlow.Publishing\BimOpenFlow.Publishing.csproj", "{21308ABE-010E-415C-8201-0A1CB954C2C0}"
EndProject
Project("{2150E333-8FDC-42A3-9474-1A3956D46DE8}") = "deps", "deps", "{EFB4CC41-4662-2886-C5B9-2E8AD88A9DBC}"
EndProject
Project("{2150E333-8FDC-42A3-9474-1A3956D46DE8}") = "ara3d-sdk", "ara3d-sdk", "{F118F14E-3423-54F3-A214-93D79FA64D56}"
EndProject
Project("{2150E333-8FDC-42A3-9474-1A3956D46DE8}") = "src", "src", "{E1C5CEE4-6D8E-8A4A-C319-DAB12E9E56ED}"
EndProject
Project("{FAE04EC0-301F-11D3-BF4B-00C04F79EFBC}") = "Ara3D.DataTable", "deps\ara3d-sdk\src\Ara3D.DataTable\Ara3D.DataTable.csproj", "{247D5BFA-EFD9-44B8-B3D9-8C8B9AA1A720}"
EndProject
Project("{FAE04EC0-301F-11D3-BF4B-00C04F79EFBC}") = "Ara3D.Collections", "deps\ara3d-sdk\src\Ara3D.Collections\Ara3D.Collections.csproj", "{6504B5B6-BEAA-4685-9A73-36A9C9D78ADA}"
EndProject
Project("{FAE04EC0-301F-11D3-BF4B-00C04F79EFBC}") = "Ara3D.PropKit", "deps\ara3d-sdk\src\Ara3D.PropKit\Ara3D.PropKit.csproj", "{7A904E8B-6BDD-40C3-8801-F02159F45EC2}"
EndProject
Project("{FAE04EC0-301F-11D3-BF4B-00C04F79EFBC}") = "Ara3D.Geometry", "deps\ara3d-sdk\src\Ara3D.Geometry\Ara3D.Geometry.csproj", "{13D98729-7434-4B5C-A027-8EA483C34984}"
EndProject
Project("{FAE04EC0-301F-11D3-BF4B-00C04F79EFBC}") = "Ara3D.Memory", "deps\ara3d-sdk\src\Ara3D.Memory\Ara3D.Memory.csproj", "{3EA6C8A6-613B-4021-AB1D-A86B87C72F96}"
EndProject
Project("{FAE04EC0-301F-11D3-BF4B-00C04F79EFBC}") = "Ara3D.Utils", "deps\ara3d-sdk\src\Ara3D.Utils\Ara3D.Utils.csproj", "{D2FFDC6F-19DC-4353-B0EB-591F5AD2A5C1}"
EndProject
Project("{2150E333-8FDC-42A3-9474-1A3956D46DE8}") = "ara3d-dataflow", "ara3d-dataflow", "{37F76AC3-F56B-1ABF-D567-E74987EF53F1}"
EndProject
Project("{2150E333-8FDC-42A3-9474-1A3956D46DE8}") = "src", "src", "{277D1928-902F-32A7-FFBF-81F8617C3846}"
EndProject
Project("{FAE04EC0-301F-11D3-BF4B-00C04F79EFBC}") = "Ara3D.DataFlowEngine.Runs", "deps\ara3d-dataflow\src\Ara3D.DataFlowEngine.Runs\Ara3D.DataFlowEngine.Runs.csproj", "{2A95210A-1B37-421F-9674-0A746895C21D}"
EndProject
Project("{FAE04EC0-301F-11D3-BF4B-00C04F79EFBC}") = "Ara3D.DataFlowEngine", "deps\ara3d-dataflow\src\Ara3D.DataFlowEngine\Ara3D.DataFlowEngine.csproj", "{470F6739-5A50-467D-936E-7A6F156226C3}"
EndProject
Project("{FAE04EC0-301F-11D3-BF4B-00C04F79EFBC}") = "Ara3D.DataFlowEngine.Abstractions", "deps\ara3d-dataflow\src\Ara3D.DataFlowEngine.Abstractions\Ara3D.DataFlowEngine.Abstractions.csproj", "{A14B26E4-A0C0-4ABC-9E50-B3DED13FCDDD}"
EndProject
Project("{FAE04EC0-301F-11D3-BF4B-00C04F79EFBC}") = "Ara3D.NodeGraph", "deps\ara3d-dataflow\src\Ara3D.NodeGraph\Ara3D.NodeGraph.csproj", "{09822504-2224-4119-B0D9-2B18D02C6BDC}"
EndProject
Project("{FAE04EC0-301F-11D3-BF4B-00C04F79EFBC}") = "BimOpenFlow.Evidence", "src\flow\BimOpenFlow.Evidence\BimOpenFlow.Evidence.csproj", "{F158FE69-1D17-4F65-B1F0-9D5094DFC993}"
EndProject
Project("{FAE04EC0-301F-11D3-BF4B-00C04F79EFBC}") = "BimOpenFlow.Reports", "src\flow\BimOpenFlow.Reports\BimOpenFlow.Reports.csproj", "{F324EC2F-F1F0-47DA-8616-76A953E8F75E}"
EndProject
Project("{FAE04EC0-301F-11D3-BF4B-00C04F79EFBC}") = "BimOpenFlow.GraphText", "src\flow\BimOpenFlow.GraphText\BimOpenFlow.GraphText.csproj", "{C6FD83DE-01E5-47AB-AA98-C32B5F3CBB71}"
EndProject
Project("{FAE04EC0-301F-11D3-BF4B-00C04F79EFBC}") = "BimOpenFlow.Nodes.Support", "src\flow\BimOpenFlow.Nodes.Support\BimOpenFlow.Nodes.Support.csproj", "{C2B55B86-7E99-4720-9FD5-87DCF6E9D329}"
EndProject
Project("{FAE04EC0-301F-11D3-BF4B-00C04F79EFBC}") = "BimOpenFlow.Host.Api", "src\flow\BimOpenFlow.Host.Api\BimOpenFlow.Host.Api.csproj", "{69433BC1-752F-4FEF-A6E4-AED2C6166BDB}"
EndProject
Project("{FAE04EC0-301F-11D3-BF4B-00C04F79EFBC}") = "BimOpenFlow.Host.Catalog", "src\flow\BimOpenFlow.Host.Catalog\BimOpenFlow.Host.Catalog.csproj", "{7EAA3685-E558-42E6-AB3A-7210D1AF96C7}"
EndProject
Project("{2150E333-8FDC-42A3-9474-1A3956D46DE8}") = "bim-open-data", "bim-open-data", "{8CFD4F56-3CC1-8ED2-0849-0B1CADC5B102}"
EndProject
Project("{2150E333-8FDC-42A3-9474-1A3956D46DE8}") = "src", "src", "{96F9BF5F-52D8-A9E4-DB7F-3F9384E7F7FA}"
EndProject
Project("{2150E333-8FDC-42A3-9474-1A3956D46DE8}") = "data", "data", "{B1553B75-DFD6-72E3-0890-D51B431DF8D9}"
EndProject
Project("{FAE04EC0-301F-11D3-BF4B-00C04F79EFBC}") = "Ara3D.IfcLoader", "deps\bim-open-data\src\data\Ara3D.IfcLoader\Ara3D.IfcLoader.csproj", "{3BD25198-DD32-442B-A50E-D97083DAEEA5}"
EndProject
Project("{FAE04EC0-301F-11D3-BF4B-00C04F79EFBC}") = "Ara3D.IO.StepParser", "deps\ara3d-sdk\src\Ara3D.IO.StepParser\Ara3D.IO.StepParser.csproj", "{00F231F8-2C90-4938-BF12-59FFEAE40F1A}"
EndProject
Project("{FAE04EC0-301F-11D3-BF4B-00C04F79EFBC}") = "Ara3D.Logging", "deps\ara3d-sdk\src\Ara3D.Logging\Ara3D.Logging.csproj", "{168E89BB-1806-4956-8B14-FB9B83DD184A}"
EndProject
Project("{FAE04EC0-301F-11D3-BF4B-00C04F79EFBC}") = "Ara3D.Models", "deps\ara3d-sdk\src\Ara3D.Models\Ara3D.Models.csproj", "{08899B62-E334-4489-9CF2-BF329E8821C6}"
EndProject
Project("{FAE04EC0-301F-11D3-BF4B-00C04F79EFBC}") = "Ara3D.F8", "deps\ara3d-sdk\src\Ara3D.F8\Ara3D.F8.csproj", "{D03F3624-83B2-4F63-8390-126FA247E01E}"
EndProject
Project("{FAE04EC0-301F-11D3-BF4B-00C04F79EFBC}") = "Ara3D.IO.BFAST", "deps\ara3d-sdk\src\Ara3D.IO.BFAST\Ara3D.IO.BFAST.csproj", "{A647C779-E808-4088-A93F-D917778D975C}"
EndProject
Project("{FAE04EC0-301F-11D3-BF4B-00C04F79EFBC}") = "Ara3D.BimOpenSchema.IO", "deps\bim-open-data\src\data\Ara3D.BimOpenSchema.IO\Ara3D.BimOpenSchema.IO.csproj", "{7730D7E1-6571-4814-B2F7-971C09781BE9}"
EndProject
Project("{2150E333-8FDC-42A3-9474-1A3956D46DE8}") = "bim-open-schema", "bim-open-schema", "{CB81D5D6-7244-D44B-1DA8-0785B12FBC81}"
EndProject
Project("{2150E333-8FDC-42A3-9474-1A3956D46DE8}") = "src", "src", "{C6564696-0F1D-4D8D-9B35-9A9C03ADD4A2}"
EndProject
Project("{FAE04EC0-301F-11D3-BF4B-00C04F79EFBC}") = "Ara3D.BimOpenSchema", "deps\bim-open-schema\src\Ara3D.BimOpenSchema\Ara3D.BimOpenSchema.csproj", "{98C8D7F6-A001-4CBD-B330-8F32DDE2EF9E}"
EndProject
Project("{FAE04EC0-301F-11D3-BF4B-00C04F79EFBC}") = "Ara3D.BimOpenSchema.ObjectModel", "deps\bim-open-data\src\data\Ara3D.BimOpenSchema.ObjectModel\Ara3D.BimOpenSchema.ObjectModel.csproj", "{E5D84109-5CC7-4501-9453-BF7B464FD047}"
EndProject
Project("{FAE04EC0-301F-11D3-BF4B-00C04F79EFBC}") = "Ara3D.Ifc.Bos", "deps\bim-open-data\src\data\Ara3D.Ifc.Bos\Ara3D.Ifc.Bos.csproj", "{42A6BE65-6021-473E-817D-7B33578B0263}"
EndProject
Project("{FAE04EC0-301F-11D3-BF4B-00C04F79EFBC}") = "BimOpenFlow.Host.Store", "src\flow\BimOpenFlow.Host.Store\BimOpenFlow.Host.Store.csproj", "{15029439-3FEC-43EA-B138-12A6B4134269}"
EndProject
Project("{FAE04EC0-301F-11D3-BF4B-00C04F79EFBC}") = "BimOpenFlow.Host", "src\flow\BimOpenFlow.Host\BimOpenFlow.Host.csproj", "{E8428339-E111-430C-83DC-C72A83D3C0C6}"
EndProject
Project("{FAE04EC0-301F-11D3-BF4B-00C04F79EFBC}") = "BimOpenFlow.Nodes.DuckDb", "src\flow\BimOpenFlow.Nodes.DuckDb\BimOpenFlow.Nodes.DuckDb.csproj", "{D161E330-39FC-4F36-B782-19928216EFAF}"
EndProject
Project("{FAE04EC0-301F-11D3-BF4B-00C04F79EFBC}") = "Ara3D.BimOpenSchema.DuckDb", "deps\bim-open-data\src\data\Ara3D.BimOpenSchema.DuckDb\Ara3D.BimOpenSchema.DuckDb.csproj", "{FD47218F-D426-4E66-BDBA-C3415061CC7A}"
EndProject
Project("{FAE04EC0-301F-11D3-BF4B-00C04F79EFBC}") = "BimOpenFlow.Nodes.Tables", "src\flow\BimOpenFlow.Nodes.Tables\BimOpenFlow.Nodes.Tables.csproj", "{0AC0176B-B3F2-42D7-8F54-076D4A6FC094}"
EndProject
Project("{FAE04EC0-301F-11D3-BF4B-00C04F79EFBC}") = "BimOpenFlow.Nodes.Viz", "src\flow\BimOpenFlow.Nodes.Viz\BimOpenFlow.Nodes.Viz.csproj", "{F9481EE2-6322-4449-81C2-2683BE41DAF5}"
EndProject
Project("{FAE04EC0-301F-11D3-BF4B-00C04F79EFBC}") = "BimOpenFlow.Nodes.TableOps", "src\flow\BimOpenFlow.Nodes.TableOps\BimOpenFlow.Nodes.TableOps.csproj", "{8033D9F6-BE87-4E60-B7B6-84C59FE5FC7C}"
EndProject
Project("{FAE04EC0-301F-11D3-BF4B-00C04F79EFBC}") = "Ara3D.DataFlowEngine.Expressions", "deps\ara3d-dataflow\src\Ara3D.DataFlowEngine.Expressions\Ara3D.DataFlowEngine.Expressions.csproj", "{930A6C13-5326-43E3-B0C0-305EEB8A9161}"
EndProject
Project("{FAE04EC0-301F-11D3-BF4B-00C04F79EFBC}") = "BimOpenFlow.Nodes.Cleaning", "src\flow\BimOpenFlow.Nodes.Cleaning\BimOpenFlow.Nodes.Cleaning.csproj", "{9F4FCAB1-5C33-42B1-8DDC-63B3D2A009BA}"
EndProject
Project("{FAE04EC0-301F-11D3-BF4B-00C04F79EFBC}") = "BimOpenFlow.Nodes.Dates", "src\flow\BimOpenFlow.Nodes.Dates\BimOpenFlow.Nodes.Dates.csproj", "{FE40BB97-830F-4539-B944-8017D2F6A4E2}"
EndProject
Project("{FAE04EC0-301F-11D3-BF4B-00C04F79EFBC}") = "BimOpenFlow.Nodes.Spatial", "src\flow\BimOpenFlow.Nodes.Spatial\BimOpenFlow.Nodes.Spatial.csproj", "{1EF1990F-65EA-4DB2-BC7C-A6C25E83741D}"
EndProject
Project("{FAE04EC0-301F-11D3-BF4B-00C04F79EFBC}") = "BimOpenFlow.Nodes.Effects", "src\flow\BimOpenFlow.Nodes.Effects\BimOpenFlow.Nodes.Effects.csproj", "{C2249F9E-7B55-4DA1-AFFE-E8F46D4F3E70}"
EndProject
Project("{FAE04EC0-301F-11D3-BF4B-00C04F79EFBC}") = "Ara3D.Ifc.Editing", "deps\bim-open-data\src\data\Ara3D.Ifc.Editing\Ara3D.Ifc.Editing.csproj", "{A6EA53F1-6C42-4733-87F4-EF3AAC962C55}"
EndProject
Project("{FAE04EC0-301F-11D3-BF4B-00C04F79EFBC}") = "BimOpenFlow.Nodes.Relations", "src\flow\BimOpenFlow.Nodes.Relations\BimOpenFlow.Nodes.Relations.csproj", "{ADB57C81-5C0D-4508-A821-B19044F48749}"
EndProject
Project("{FAE04EC0-301F-11D3-BF4B-00C04F79EFBC}") = "BimOpenFlow.Relations", "src\flow\BimOpenFlow.Relations\BimOpenFlow.Relations.csproj", "{D17E857E-E494-409C-809A-51354CB57502}"
EndProject
Project("{FAE04EC0-301F-11D3-BF4B-00C04F79EFBC}") = "BimOpenFlow.Relations.DuckDb", "src\flow\BimOpenFlow.Relations.DuckDb\BimOpenFlow.Relations.DuckDb.csproj", "{71F5B092-02B6-4D9C-93CD-EE3FBE834E35}"
EndProject
Project("{FAE04EC0-301F-11D3-BF4B-00C04F79EFBC}") = "BimOpenFlow.NodeDocs", "src\flow\BimOpenFlow.NodeDocs\BimOpenFlow.NodeDocs.csproj", "{4469131C-47D1-4804-8654-C1C2A78BAF37}"
EndProject
Project("{FAE04EC0-301F-11D3-BF4B-00C04F79EFBC}") = "BimOpenFlow.Nodes.Compliance", "src\flow\BimOpenFlow.Nodes.Compliance\BimOpenFlow.Nodes.Compliance.csproj", "{7CFDF666-4FA5-48BA-854A-34B19C00AD5D}"
EndProject
Project("{2150E333-8FDC-42A3-9474-1A3956D46DE8}") = "mcp", "mcp", "{F3846736-565B-9EA7-873C-5ACF842A7768}"
EndProject
Project("{FAE04EC0-301F-11D3-BF4B-00C04F79EFBC}") = "BimOpenMcp.Flow", "src\mcp\BimOpenMcp.Flow\BimOpenMcp.Flow.csproj", "{D28B93CA-6F68-47FD-99AB-5A31775AB35D}"
EndProject
Project("{2150E333-8FDC-42A3-9474-1A3956D46DE8}") = "wip", "wip", "{1E2B982D-5A14-A1E9-64E0-D840F51EBEA8}"
EndProject
Project("{FAE04EC0-301F-11D3-BF4B-00C04F79EFBC}") = "Ara3D.MCP", "deps\ara3d-sdk\wip\Ara3D.MCP\Ara3D.MCP.csproj", "{60F94926-0C65-4008-A2B0-0E34EF374C81}"
EndProject
Project("{2150E333-8FDC-42A3-9474-1A3956D46DE8}") = "studio", "studio", "{2B4E54AC-7DEF-1549-9779-3DE57D644187}"
EndProject
Project("{FAE04EC0-301F-11D3-BF4B-00C04F79EFBC}") = "BimOpenFlow.Ask", "src\studio\BimOpenFlow.Ask\BimOpenFlow.Ask.csproj", "{2A7A1B99-C8BA-40F2-B79E-5452DA8D72DD}"
EndProject
Project("{2150E333-8FDC-42A3-9474-1A3956D46DE8}") = "tests", "tests", "{0AB3BF05-4346-4AA6-1389-037BE0695223}"
EndProject
Project("{FAE04EC0-301F-11D3-BF4B-00C04F79EFBC}") = "BimOpenFlow.Layering.Tests", "tests\BimOpenFlow.Layering.Tests\BimOpenFlow.Layering.Tests.csproj", "{433CC79B-713D-4263-A949-C46D197F6CC9}"
EndProject
Project("{FAE04EC0-301F-11D3-BF4B-00C04F79EFBC}") = "BimOpenFlow.TestSupport", "tests\BimOpenFlow.TestSupport\BimOpenFlow.TestSupport.csproj", "{83123776-6A96-4A78-B510-D16AEE0483C0}"
EndProject
Project("{2150E333-8FDC-42A3-9474-1A3956D46DE8}") = "flow", "flow", "{921A8F32-7110-D511-62F7-897E2B692530}"
EndProject
Project("{FAE04EC0-301F-11D3-BF4B-00C04F79EFBC}") = "BimOpenFlow.Dashboards.Tests", "tests\flow\BimOpenFlow.Dashboards.Tests\BimOpenFlow.Dashboards.Tests.csproj", "{DECF2330-6D58-4FCB-A64D-8F69D24BD016}"
EndProject
Project("{FAE04EC0-301F-11D3-BF4B-00C04F79EFBC}") = "BimOpenFlow.Evidence.Tests", "tests\flow\BimOpenFlow.Evidence.Tests\BimOpenFlow.Evidence.Tests.csproj", "{42F3776D-B124-432B-A4AA-3238996A62FC}"
EndProject
Project("{FAE04EC0-301F-11D3-BF4B-00C04F79EFBC}") = "BimOpenFlow.GraphText.Tests", "tests\flow\BimOpenFlow.GraphText.Tests\BimOpenFlow.GraphText.Tests.csproj", "{90193EFC-7B46-4259-926F-1B05FC307E93}"
EndProject
Project("{FAE04EC0-301F-11D3-BF4B-00C04F79EFBC}") = "Ara3D.DataFlowEngine.TestKit", "deps\ara3d-dataflow\src\Ara3D.DataFlowEngine.TestKit\Ara3D.DataFlowEngine.TestKit.csproj", "{70F1D356-2107-43BA-8D1D-DDAEE2350FB5}"
EndProject
Project("{FAE04EC0-301F-11D3-BF4B-00C04F79EFBC}") = "BimOpenFlow.Host.Api.Tests", "tests\flow\BimOpenFlow.Host.Api.Tests\BimOpenFlow.Host.Api.Tests.csproj", "{5BF2C16B-FB66-4C3C-BF85-E92D23A56C60}"
EndProject
Project("{FAE04EC0-301F-11D3-BF4B-00C04F79EFBC}") = "BimOpenFlow.Host.Catalog.Tests", "tests\flow\BimOpenFlow.Host.Catalog.Tests\BimOpenFlow.Host.Catalog.Tests.csproj", "{A2C2E77D-3003-4B9D-97BF-A69BD2B08004}"
EndProject
Project("{FAE04EC0-301F-11D3-BF4B-00C04F79EFBC}") = "BimOpenFlow.Host.Store.Tests", "tests\flow\BimOpenFlow.Host.Store.Tests\BimOpenFlow.Host.Store.Tests.csproj", "{3FEA5F5E-1EB2-41D6-B960-45B623F11F2C}"
EndProject
Project("{FAE04EC0-301F-11D3-BF4B-00C04F79EFBC}") = "BimOpenFlow.Host.Tests", "tests\flow\BimOpenFlow.Host.Tests\BimOpenFlow.Host.Tests.csproj", "{4A709B4F-F00D-48F4-861E-EC0BD4D41A4B}"
EndProject
Project("{FAE04EC0-301F-11D3-BF4B-00C04F79EFBC}") = "BimOpenFlow.Nodes.Cleaning.Tests", "tests\flow\BimOpenFlow.Nodes.Cleaning.Tests\BimOpenFlow.Nodes.Cleaning.Tests.csproj", "{C7597C45-8979-4C08-A433-27AB6DBA9423}"
EndProject
Project("{FAE04EC0-301F-11D3-BF4B-00C04F79EFBC}") = "BimOpenFlow.Nodes.Compliance.Tests", "tests\flow\BimOpenFlow.Nodes.Compliance.Tests\BimOpenFlow.Nodes.Compliance.Tests.csproj", "{F544DDF8-AC5D-4E46-A8D3-3BB6425C9C0E}"
EndProject
Project("{FAE04EC0-301F-11D3-BF4B-00C04F79EFBC}") = "BimOpenFlow.Nodes.Dates.Tests", "tests\flow\BimOpenFlow.Nodes.Dates.Tests\BimOpenFlow.Nodes.Dates.Tests.csproj", "{A8C7D474-16BC-4042-AC54-5F7BBC705E01}"
EndProject
Project("{FAE04EC0-301F-11D3-BF4B-00C04F79EFBC}") = "BimOpenFlow.Nodes.DuckDb.Tests", "tests\flow\BimOpenFlow.Nodes.DuckDb.Tests\BimOpenFlow.Nodes.DuckDb.Tests.csproj", "{584C8CAF-CDB8-4B20-BD7F-BBF36E18A0F4}"
EndProject
Project("{FAE04EC0-301F-11D3-BF4B-00C04F79EFBC}") = "BimOpenFlow.Nodes.Effects.Tests", "tests\flow\BimOpenFlow.Nodes.Effects.Tests\BimOpenFlow.Nodes.Effects.Tests.csproj", "{5B8C1E91-8E29-42AC-91EA-4439022A3552}"
EndProject
Project("{FAE04EC0-301F-11D3-BF4B-00C04F79EFBC}") = "BimOpenFlow.Nodes.Relations.Tests", "tests\flow\BimOpenFlow.Nodes.Relations.Tests\BimOpenFlow.Nodes.Relations.Tests.csproj", "{9A22F780-D436-48FF-B775-3F11FF5A9D77}"
EndProject
Project("{FAE04EC0-301F-11D3-BF4B-00C04F79EFBC}") = "BimOpenFlow.Nodes.Spatial.Tests", "tests\flow\BimOpenFlow.Nodes.Spatial.Tests\BimOpenFlow.Nodes.Spatial.Tests.csproj", "{5A08BDD7-3DA7-446D-A591-1FB86214E69A}"
EndProject
Project("{FAE04EC0-301F-11D3-BF4B-00C04F79EFBC}") = "BimOpenFlow.Nodes.TableOps.Tests", "tests\flow\BimOpenFlow.Nodes.TableOps.Tests\BimOpenFlow.Nodes.TableOps.Tests.csproj", "{59DA2C8E-3E16-492A-BFA3-722F97F49708}"
EndProject
Project("{FAE04EC0-301F-11D3-BF4B-00C04F79EFBC}") = "BimOpenFlow.Nodes.Tables.Tests", "tests\flow\BimOpenFlow.Nodes.Tables.Tests\BimOpenFlow.Nodes.Tables.Tests.csproj", "{9A757124-A697-4025-8779-2CAF622835FA}"
EndProject
Project("{FAE04EC0-301F-11D3-BF4B-00C04F79EFBC}") = "BimOpenFlow.Nodes.Viz.Tests", "tests\flow\BimOpenFlow.Nodes.Viz.Tests\BimOpenFlow.Nodes.Viz.Tests.csproj", "{91590C71-90B3-4E08-908B-2A02E81D46C6}"
EndProject
Project("{FAE04EC0-301F-11D3-BF4B-00C04F79EFBC}") = "BimOpenFlow.Publishing.Tests", "tests\flow\BimOpenFlow.Publishing.Tests\BimOpenFlow.Publishing.Tests.csproj", "{C6977192-063B-4EBE-A1C3-EE99FFE6B465}"
EndProject
Project("{FAE04EC0-301F-11D3-BF4B-00C04F79EFBC}") = "BimOpenFlow.Relations.DuckDb.Tests", "tests\flow\BimOpenFlow.Relations.DuckDb.Tests\BimOpenFlow.Relations.DuckDb.Tests.csproj", "{DF7CF64C-8925-45A2-9CF2-F5EF3576858D}"
EndProject
Project("{FAE04EC0-301F-11D3-BF4B-00C04F79EFBC}") = "BimOpenFlow.Relations.Tests", "tests\flow\BimOpenFlow.Relations.Tests\BimOpenFlow.Relations.Tests.csproj", "{45E86A1F-7CA7-4C4A-9A02-53A44ADB9F4A}"
EndProject
Project("{FAE04EC0-301F-11D3-BF4B-00C04F79EFBC}") = "BimOpenFlow.Reports.Tests", "tests\flow\BimOpenFlow.Reports.Tests\BimOpenFlow.Reports.Tests.csproj", "{EA4FBA6D-D826-42D8-8230-5E0130EAAEDE}"
EndProject
Project("{FAE04EC0-301F-11D3-BF4B-00C04F79EFBC}") = "BimOpenFlow.TableWorkflows.Tests", "tests\flow\BimOpenFlow.TableWorkflows.Tests\BimOpenFlow.TableWorkflows.Tests.csproj", "{8DAF9503-C166-4BC2-BE21-78E67C7E84D2}"
EndProject
Project("{2150E333-8FDC-42A3-9474-1A3956D46DE8}") = "mcp", "mcp", "{DA52C2E7-1281-792B-FC57-5A027D9011DB}"
EndProject
Project("{FAE04EC0-301F-11D3-BF4B-00C04F79EFBC}") = "BimOpenMcp.Flow.Tests", "tests\mcp\BimOpenMcp.Flow.Tests\BimOpenMcp.Flow.Tests.csproj", "{86511301-36D1-4BE3-8430-AEB6B99D4A5F}"
EndProject
Project("{2150E333-8FDC-42A3-9474-1A3956D46DE8}") = "studio", "studio", "{2C920A23-D610-5BCD-25E5-3C62F0764F07}"
EndProject
Project("{FAE04EC0-301F-11D3-BF4B-00C04F79EFBC}") = "BimOpenFlow.Ask.Tests", "tests\studio\BimOpenFlow.Ask.Tests\BimOpenFlow.Ask.Tests.csproj", "{62FB674C-FBA7-47E7-8634-5AC06E941406}"
EndProject
Global
	GlobalSection(SolutionConfigurationPlatforms) = preSolution
		Debug|Any CPU = Debug|Any CPU
		Debug|x64 = Debug|x64
		Debug|x86 = Debug|x86
		Release|Any CPU = Release|Any CPU
		Release|x64 = Release|x64
		Release|x86 = Release|x86
	EndGlobalSection
	GlobalSection(ProjectConfigurationPlatforms) = postSolution
		{C354106C-B1B3-4506-B615-59685A48A288}.Debug|Any CPU.ActiveCfg = Debug|Any CPU
		{C354106C-B1B3-4506-B615-59685A48A288}.Debug|Any CPU.Build.0 = Debug|Any CPU
		{C354106C-B1B3-4506-B615-59685A48A288}.Debug|x64.ActiveCfg = Debug|Any CPU
		{C354106C-B1B3-4506-B615-59685A48A288}.Debug|x64.Build.0 = Debug|Any CPU
		{C354106C-B1B3-4506-B615-59685A48A288}.Debug|x86.ActiveCfg = Debug|Any CPU
		{C354106C-B1B3-4506-B615-59685A48A288}.Debug|x86.Build.0 = Debug|Any CPU
		{C354106C-B1B3-4506-B615-59685A48A288}.Release|Any CPU.ActiveCfg = Release|Any CPU
		{C354106C-B1B3-4506-B615-59685A48A288}.Release|Any CPU.Build.0 = Release|Any CPU
		{C354106C-B1B3-4506-B615-59685A48A288}.Release|x64.ActiveCfg = Release|Any CPU
		{C354106C-B1B3-4506-B615-59685A48A288}.Release|x64.Build.0 = Release|Any CPU
		{C354106C-B1B3-4506-B615-59685A48A288}.Release|x86.ActiveCfg = Release|Any CPU
		{C354106C-B1B3-4506-B615-59685A48A288}.Release|x86.Build.0 = Release|Any CPU
		{52A9088B-6E1B-4B0F-A8A6-2D0B5DBFC892}.Debug|Any CPU.ActiveCfg = Debug|Any CPU
		{52A9088B-6E1B-4B0F-A8A6-2D0B5DBFC892}.Debug|Any CPU.Build.0 = Debug|Any CPU
		{52A9088B-6E1B-4B0F-A8A6-2D0B5DBFC892}.Debug|x64.ActiveCfg = Debug|Any CPU
		{52A9088B-6E1B-4B0F-A8A6-2D0B5DBFC892}.Debug|x64.Build.0 = Debug|Any CPU
		{52A9088B-6E1B-4B0F-A8A6-2D0B5DBFC892}.Debug|x86.ActiveCfg = Debug|Any CPU
		{52A9088B-6E1B-4B0F-A8A6-2D0B5DBFC892}.Debug|x86.Build.0 = Debug|Any CPU
		{52A9088B-6E1B-4B0F-A8A6-2D0B5DBFC892}.Release|Any CPU.ActiveCfg = Release|Any CPU
		{52A9088B-6E1B-4B0F-A8A6-2D0B5DBFC892}.Release|Any CPU.Build.0 = Release|Any CPU
		{52A9088B-6E1B-4B0F-A8A6-2D0B5DBFC892}.Release|x64.ActiveCfg = Release|Any CPU
		{52A9088B-6E1B-4B0F-A8A6-2D0B5DBFC892}.Release|x64.Build.0 = Release|Any CPU
		{52A9088B-6E1B-4B0F-A8A6-2D0B5DBFC892}.Release|x86.ActiveCfg = Release|Any CPU
		{52A9088B-6E1B-4B0F-A8A6-2D0B5DBFC892}.Release|x86.Build.0 = Release|Any CPU
		{21308ABE-010E-415C-8201-0A1CB954C2C0}.Debug|Any CPU.ActiveCfg = Debug|Any CPU
		{21308ABE-010E-415C-8201-0A1CB954C2C0}.Debug|Any CPU.Build.0 = Debug|Any CPU
		{21308ABE-010E-415C-8201-0A1CB954C2C0}.Debug|x64.ActiveCfg = Debug|Any CPU
		{21308ABE-010E-415C-8201-0A1CB954C2C0}.Debug|x64.Build.0 = Debug|Any CPU
		{21308ABE-010E-415C-8201-0A1CB954C2C0}.Debug|x86.ActiveCfg = Debug|Any CPU
		{21308ABE-010E-415C-8201-0A1CB954C2C0}.Debug|x86.Build.0 = Debug|Any CPU
		{21308ABE-010E-415C-8201-0A1CB954C2C0}.Release|Any CPU.ActiveCfg = Release|Any CPU
		{21308ABE-010E-415C-8201-0A1CB954C2C0}.Release|Any CPU.Build.0 = Release|Any CPU
		{21308ABE-010E-415C-8201-0A1CB954C2C0}.Release|x64.ActiveCfg = Release|Any CPU
		{21308ABE-010E-415C-8201-0A1CB954C2C0}.Release|x64.Build.0 = Release|Any CPU
		{21308ABE-010E-415C-8201-0A1CB954C2C0}.Release|x86.ActiveCfg = Release|Any CPU
		{21308ABE-010E-415C-8201-0A1CB954C2C0}.Release|x86.Build.0 = Release|Any CPU
		{247D5BFA-EFD9-44B8-B3D9-8C8B9AA1A720}.Debug|Any CPU.ActiveCfg = Debug|Any CPU
		{247D5BFA-EFD9-44B8-B3D9-8C8B9AA1A720}.Debug|Any CPU.Build.0 = Debug|Any CPU
		{247D5BFA-EFD9-44B8-B3D9-8C8B9AA1A720}.Debug|x64.ActiveCfg = Debug|x64
		{247D5BFA-EFD9-44B8-B3D9-8C8B9AA1A720}.Debug|x64.Build.0 = Debug|x64
		{247D5BFA-EFD9-44B8-B3D9-8C8B9AA1A720}.Debug|x86.ActiveCfg = Debug|Any CPU
		{247D5BFA-EFD9-44B8-B3D9-8C8B9AA1A720}.Debug|x86.Build.0 = Debug|Any CPU
		{247D5BFA-EFD9-44B8-B3D9-8C8B9AA1A720}.Release|Any CPU.ActiveCfg = Release|Any CPU
		{247D5BFA-EFD9-44B8-B3D9-8C8B9AA1A720}.Release|Any CPU.Build.0 = Release|Any CPU
		{247D5BFA-EFD9-44B8-B3D9-8C8B9AA1A720}.Release|x64.ActiveCfg = Release|x64
		{247D5BFA-EFD9-44B8-B3D9-8C8B9AA1A720}.Release|x64.Build.0 = Release|x64
		{247D5BFA-EFD9-44B8-B3D9-8C8B9AA1A720}.Release|x86.ActiveCfg = Release|Any CPU
		{247D5BFA-EFD9-44B8-B3D9-8C8B9AA1A720}.Release|x86.Build.0 = Release|Any CPU
		{6504B5B6-BEAA-4685-9A73-36A9C9D78ADA}.Debug|Any CPU.ActiveCfg = Debug|Any CPU
		{6504B5B6-BEAA-4685-9A73-36A9C9D78ADA}.Debug|Any CPU.Build.0 = Debug|Any CPU
		{6504B5B6-BEAA-4685-9A73-36A9C9D78ADA}.Debug|x64.ActiveCfg = Debug|x64
		{6504B5B6-BEAA-4685-9A73-36A9C9D78ADA}.Debug|x64.Build.0 = Debug|x64
		{6504B5B6-BEAA-4685-9A73-36A9C9D78ADA}.Debug|x86.ActiveCfg = Debug|Any CPU
		{6504B5B6-BEAA-4685-9A73-36A9C9D78ADA}.Debug|x86.Build.0 = Debug|Any CPU
		{6504B5B6-BEAA-4685-9A73-36A9C9D78ADA}.Release|Any CPU.ActiveCfg = Release|Any CPU
		{6504B5B6-BEAA-4685-9A73-36A9C9D78ADA}.Release|Any CPU.Build.0 = Release|Any CPU
		{6504B5B6-BEAA-4685-9A73-36A9C9D78ADA}.Release|x64.ActiveCfg = Release|x64
		{6504B5B6-BEAA-4685-9A73-36A9C9D78ADA}.Release|x64.Build.0 = Release|x64
		{6504B5B6-BEAA-4685-9A73-36A9C9D78ADA}.Release|x86.ActiveCfg = Release|Any CPU
		{6504B5B6-BEAA-4685-9A73-36A9C9D78ADA}.Release|x86.Build.0 = Release|Any CPU
		{7A904E8B-6BDD-40C3-8801-F02159F45EC2}.Debug|Any CPU.ActiveCfg = Debug|Any CPU
		{7A904E8B-6BDD-40C3-8801-F02159F45EC2}.Debug|Any CPU.Build.0 = Debug|Any CPU
		{7A904E8B-6BDD-40C3-8801-F02159F45EC2}.Debug|x64.ActiveCfg = Debug|x64
		{7A904E8B-6BDD-40C3-8801-F02159F45EC2}.Debug|x64.Build.0 = Debug|x64
		{7A904E8B-6BDD-40C3-8801-F02159F45EC2}.Debug|x86.ActiveCfg = Debug|Any CPU
		{7A904E8B-6BDD-40C3-8801-F02159F45EC2}.Debug|x86.Build.0 = Debug|Any CPU
		{7A904E8B-6BDD-40C3-8801-F02159F45EC2}.Release|Any CPU.ActiveCfg = Release|Any CPU
		{7A904E8B-6BDD-40C3-8801-F02159F45EC2}.Release|Any CPU.Build.0 = Release|Any CPU
		{7A904E8B-6BDD-40C3-8801-F02159F45EC2}.Release|x64.ActiveCfg = Release|x64
		{7A904E8B-6BDD-40C3-8801-F02159F45EC2}.Release|x64.Build.0 = Release|x64
		{7A904E8B-6BDD-40C3-8801-F02159F45EC2}.Release|x86.ActiveCfg = Release|Any CPU
		{7A904E8B-6BDD-40C3-8801-F02159F45EC2}.Release|x86.Build.0 = Release|Any CPU
		{13D98729-7434-4B5C-A027-8EA483C34984}.Debug|Any CPU.ActiveCfg = Debug|Any CPU
		{13D98729-7434-4B5C-A027-8EA483C34984}.Debug|Any CPU.Build.0 = Debug|Any CPU
		{13D98729-7434-4B5C-A027-8EA483C34984}.Debug|x64.ActiveCfg = Debug|x64
		{13D98729-7434-4B5C-A027-8EA483C34984}.Debug|x64.Build.0 = Debug|x64
		{13D98729-7434-4B5C-A027-8EA483C34984}.Debug|x86.ActiveCfg = Debug|Any CPU
		{13D98729-7434-4B5C-A027-8EA483C34984}.Debug|x86.Build.0 = Debug|Any CPU
		{13D98729-7434-4B5C-A027-8EA483C34984}.Release|Any CPU.ActiveCfg = Release|Any CPU
		{13D98729-7434-4B5C-A027-8EA483C34984}.Release|Any CPU.Build.0 = Release|Any CPU
		{13D98729-7434-4B5C-A027-8EA483C34984}.Release|x64.ActiveCfg = Release|x64
		{13D98729-7434-4B5C-A027-8EA483C34984}.Release|x64.Build.0 = Release|x64
		{13D98729-7434-4B5C-A027-8EA483C34984}.Release|x86.ActiveCfg = Release|Any CPU
		{13D98729-7434-4B5C-A027-8EA483C34984}.Release|x86.Build.0 = Release|Any CPU
		{3EA6C8A6-613B-4021-AB1D-A86B87C72F96}.Debug|Any CPU.ActiveCfg = Debug|Any CPU
		{3EA6C8A6-613B-4021-AB1D-A86B87C72F96}.Debug|Any CPU.Build.0 = Debug|Any CPU
		{3EA6C8A6-613B-4021-AB1D-A86B87C72F96}.Debug|x64.ActiveCfg = Debug|x64
		{3EA6C8A6-613B-4021-AB1D-A86B87C72F96}.Debug|x64.Build.0 = Debug|x64
		{3EA6C8A6-613B-4021-AB1D-A86B87C72F96}.Debug|x86.ActiveCfg = Debug|Any CPU
		{3EA6C8A6-613B-4021-AB1D-A86B87C72F96}.Debug|x86.Build.0 = Debug|Any CPU
		{3EA6C8A6-613B-4021-AB1D-A86B87C72F96}.Release|Any CPU.ActiveCfg = Release|Any CPU
		{3EA6C8A6-613B-4021-AB1D-A86B87C72F96}.Release|Any CPU.Build.0 = Release|Any CPU
		{3EA6C8A6-613B-4021-AB1D-A86B87C72F96}.Release|x64.ActiveCfg = Release|x64
		{3EA6C8A6-613B-4021-AB1D-A86B87C72F96}.Release|x64.Build.0 = Release|x64
		{3EA6C8A6-613B-4021-AB1D-A86B87C72F96}.Release|x86.ActiveCfg = Release|Any CPU
		{3EA6C8A6-613B-4021-AB1D-A86B87C72F96}.Release|x86.Build.0 = Release|Any CPU
		{D2FFDC6F-19DC-4353-B0EB-591F5AD2A5C1}.Debug|Any CPU.ActiveCfg = Debug|Any CPU
		{D2FFDC6F-19DC-4353-B0EB-591F5AD2A5C1}.Debug|Any CPU.Build.0 = Debug|Any CPU
		{D2FFDC6F-19DC-4353-B0EB-591F5AD2A5C1}.Debug|x64.ActiveCfg = Debug|x64
		{D2FFDC6F-19DC-4353-B0EB-591F5AD2A5C1}.Debug|x64.Build.0 = Debug|x64
		{D2FFDC6F-19DC-4353-B0EB-591F5AD2A5C1}.Debug|x86.ActiveCfg = Debug|Any CPU
		{D2FFDC6F-19DC-4353-B0EB-591F5AD2A5C1}.Debug|x86.Build.0 = Debug|Any CPU
		{D2FFDC6F-19DC-4353-B0EB-591F5AD2A5C1}.Release|Any CPU.ActiveCfg = Release|Any CPU
		{D2FFDC6F-19DC-4353-B0EB-591F5AD2A5C1}.Release|Any CPU.Build.0 = Release|Any CPU
		{D2FFDC6F-19DC-4353-B0EB-591F5AD2A5C1}.Release|x64.ActiveCfg = Release|x64
		{D2FFDC6F-19DC-4353-B0EB-591F5AD2A5C1}.Release|x64.Build.0 = Release|x64
		{D2FFDC6F-19DC-4353-B0EB-591F5AD2A5C1}.Release|x86.ActiveCfg = Release|Any CPU
		{D2FFDC6F-19DC-4353-B0EB-591F5AD2A5C1}.Release|x86.Build.0 = Release|Any CPU
		{2A95210A-1B37-421F-9674-0A746895C21D}.Debug|Any CPU.ActiveCfg = Debug|Any CPU
		{2A95210A-1B37-421F-9674-0A746895C21D}.Debug|Any CPU.Build.0 = Debug|Any CPU
		{2A95210A-1B37-421F-9674-0A746895C21D}.Debug|x64.ActiveCfg = Debug|Any CPU
		{2A95210A-1B37-421F-9674-0A746895C21D}.Debug|x64.Build.0 = Debug|Any CPU
		{2A95210A-1B37-421F-9674-0A746895C21D}.Debug|x86.ActiveCfg = Debug|Any CPU
		{2A95210A-1B37-421F-9674-0A746895C21D}.Debug|x86.Build.0 = Debug|Any CPU
		{2A95210A-1B37-421F-9674-0A746895C21D}.Release|Any CPU.ActiveCfg = Release|Any CPU
		{2A95210A-1B37-421F-9674-0A746895C21D}.Release|Any CPU.Build.0 = Release|Any CPU
		{2A95210A-1B37-421F-9674-0A746895C21D}.Release|x64.ActiveCfg = Release|Any CPU
		{2A95210A-1B37-421F-9674-0A746895C21D}.Release|x64.Build.0 = Release|Any CPU
		{2A95210A-1B37-421F-9674-0A746895C21D}.Release|x86.ActiveCfg = Release|Any CPU
		{2A95210A-1B37-421F-9674-0A746895C21D}.Release|x86.Build.0 = Release|Any CPU
		{470F6739-5A50-467D-936E-7A6F156226C3}.Debug|Any CPU.ActiveCfg = Debug|Any CPU
		{470F6739-5A50-467D-936E-7A6F156226C3}.Debug|Any CPU.Build.0 = Debug|Any CPU
		{470F6739-5A50-467D-936E-7A6F156226C3}.Debug|x64.ActiveCfg = Debug|Any CPU
		{470F6739-5A50-467D-936E-7A6F156226C3}.Debug|x64.Build.0 = Debug|Any CPU
		{470F6739-5A50-467D-936E-7A6F156226C3}.Debug|x86.ActiveCfg = Debug|Any CPU
		{470F6739-5A50-467D-936E-7A6F156226C3}.Debug|x86.Build.0 = Debug|Any CPU
		{470F6739-5A50-467D-936E-7A6F156226C3}.Release|Any CPU.ActiveCfg = Release|Any CPU
		{470F6739-5A50-467D-936E-7A6F156226C3}.Release|Any CPU.Build.0 = Release|Any CPU
		{470F6739-5A50-467D-936E-7A6F156226C3}.Release|x64.ActiveCfg = Release|Any CPU
		{470F6739-5A50-467D-936E-7A6F156226C3}.Release|x64.Build.0 = Release|Any CPU
		{470F6739-5A50-467D-936E-7A6F156226C3}.Release|x86.ActiveCfg = Release|Any CPU
		{470F6739-5A50-467D-936E-7A6F156226C3}.Release|x86.Build.0 = Release|Any CPU
		{A14B26E4-A0C0-4ABC-9E50-B3DED13FCDDD}.Debug|Any CPU.ActiveCfg = Debug|Any CPU
		{A14B26E4-A0C0-4ABC-9E50-B3DED13FCDDD}.Debug|Any CPU.Build.0 = Debug|Any CPU
		{A14B26E4-A0C0-4ABC-9E50-B3DED13FCDDD}.Debug|x64.ActiveCfg = Debug|Any CPU
		{A14B26E4-A0C0-4ABC-9E50-B3DED13FCDDD}.Debug|x64.Build.0 = Debug|Any CPU
		{A14B26E4-A0C0-4ABC-9E50-B3DED13FCDDD}.Debug|x86.ActiveCfg = Debug|Any CPU
		{A14B26E4-A0C0-4ABC-9E50-B3DED13FCDDD}.Debug|x86.Build.0 = Debug|Any CPU
		{A14B26E4-A0C0-4ABC-9E50-B3DED13FCDDD}.Release|Any CPU.ActiveCfg = Release|Any CPU
		{A14B26E4-A0C0-4ABC-9E50-B3DED13FCDDD}.Release|Any CPU.Build.0 = Release|Any CPU
		{A14B26E4-A0C0-4ABC-9E50-B3DED13FCDDD}.Release|x64.ActiveCfg = Release|Any CPU
		{A14B26E4-A0C0-4ABC-9E50-B3DED13FCDDD}.Release|x64.Build.0 = Release|Any CPU
		{A14B26E4-A0C0-4ABC-9E50-B3DED13FCDDD}.Release|x86.ActiveCfg = Release|Any CPU
		{A14B26E4-A0C0-4ABC-9E50-B3DED13FCDDD}.Release|x86.Build.0 = Release|Any CPU
		{09822504-2224-4119-B0D9-2B18D02C6BDC}.Debug|Any CPU.ActiveCfg = Debug|Any CPU
		{09822504-2224-4119-B0D9-2B18D02C6BDC}.Debug|Any CPU.Build.0 = Debug|Any CPU
		{09822504-2224-4119-B0D9-2B18D02C6BDC}.Debug|x64.ActiveCfg = Debug|Any CPU
		{09822504-2224-4119-B0D9-2B18D02C6BDC}.Debug|x64.Build.0 = Debug|Any CPU
		{09822504-2224-4119-B0D9-2B18D02C6BDC}.Debug|x86.ActiveCfg = Debug|Any CPU
		{09822504-2224-4119-B0D9-2B18D02C6BDC}.Debug|x86.Build.0 = Debug|Any CPU
		{09822504-2224-4119-B0D9-2B18D02C6BDC}.Release|Any CPU.ActiveCfg = Release|Any CPU
		{09822504-2224-4119-B0D9-2B18D02C6BDC}.Release|Any CPU.Build.0 = Release|Any CPU
		{09822504-2224-4119-B0D9-2B18D02C6BDC}.Release|x64.ActiveCfg = Release|Any CPU
		{09822504-2224-4119-B0D9-2B18D02C6BDC}.Release|x64.Build.0 = Release|Any CPU
		{09822504-2224-4119-B0D9-2B18D02C6BDC}.Release|x86.ActiveCfg = Release|Any CPU
		{09822504-2224-4119-B0D9-2B18D02C6BDC}.Release|x86.Build.0 = Release|Any CPU
		{F158FE69-1D17-4F65-B1F0-9D5094DFC993}.Debug|Any CPU.ActiveCfg = Debug|Any CPU
		{F158FE69-1D17-4F65-B1F0-9D5094DFC993}.Debug|Any CPU.Build.0 = Debug|Any CPU
		{F158FE69-1D17-4F65-B1F0-9D5094DFC993}.Debug|x64.ActiveCfg = Debug|Any CPU
		{F158FE69-1D17-4F65-B1F0-9D5094DFC993}.Debug|x64.Build.0 = Debug|Any CPU
		{F158FE69-1D17-4F65-B1F0-9D5094DFC993}.Debug|x86.ActiveCfg = Debug|Any CPU
		{F158FE69-1D17-4F65-B1F0-9D5094DFC993}.Debug|x86.Build.0 = Debug|Any CPU
		{F158FE69-1D17-4F65-B1F0-9D5094DFC993}.Release|Any CPU.ActiveCfg = Release|Any CPU
		{F158FE69-1D17-4F65-B1F0-9D5094DFC993}.Release|Any CPU.Build.0 = Release|Any CPU
		{F158FE69-1D17-4F65-B1F0-9D5094DFC993}.Release|x64.ActiveCfg = Release|Any CPU
		{F158FE69-1D17-4F65-B1F0-9D5094DFC993}.Release|x64.Build.0 = Release|Any CPU
		{F158FE69-1D17-4F65-B1F0-9D5094DFC993}.Release|x86.ActiveCfg = Release|Any CPU
		{F158FE69-1D17-4F65-B1F0-9D5094DFC993}.Release|x86.Build.0 = Release|Any CPU
		{F324EC2F-F1F0-47DA-8616-76A953E8F75E}.Debug|Any CPU.ActiveCfg = Debug|Any CPU
		{F324EC2F-F1F0-47DA-8616-76A953E8F75E}.Debug|Any CPU.Build.0 = Debug|Any CPU
		{F324EC2F-F1F0-47DA-8616-76A953E8F75E}.Debug|x64.ActiveCfg = Debug|Any CPU
		{F324EC2F-F1F0-47DA-8616-76A953E8F75E}.Debug|x64.Build.0 = Debug|Any CPU
		{F324EC2F-F1F0-47DA-8616-76A953E8F75E}.Debug|x86.ActiveCfg = Debug|Any CPU
		{F324EC2F-F1F0-47DA-8616-76A953E8F75E}.Debug|x86.Build.0 = Debug|Any CPU
		{F324EC2F-F1F0-47DA-8616-76A953E8F75E}.Release|Any CPU.ActiveCfg = Release|Any CPU
		{F324EC2F-F1F0-47DA-8616-76A953E8F75E}.Release|Any CPU.Build.0 = Release|Any CPU
		{F324EC2F-F1F0-47DA-8616-76A953E8F75E}.Release|x64.ActiveCfg = Release|Any CPU
		{F324EC2F-F1F0-47DA-8616-76A953E8F75E}.Release|x64.Build.0 = Release|Any CPU
		{F324EC2F-F1F0-47DA-8616-76A953E8F75E}.Release|x86.ActiveCfg = Release|Any CPU
		{F324EC2F-F1F0-47DA-8616-76A953E8F75E}.Release|x86.Build.0 = Release|Any CPU
		{C6FD83DE-01E5-47AB-AA98-C32B5F3CBB71}.Debug|Any CPU.ActiveCfg = Debug|Any CPU
		{C6FD83DE-01E5-47AB-AA98-C32B5F3CBB71}.Debug|Any CPU.Build.0 = Debug|Any CPU
		{C6FD83DE-01E5-47AB-AA98-C32B5F3CBB71}.Debug|x64.ActiveCfg = Debug|Any CPU
		{C6FD83DE-01E5-47AB-AA98-C32B5F3CBB71}.Debug|x64.Build.0 = Debug|Any CPU
		{C6FD83DE-01E5-47AB-AA98-C32B5F3CBB71}.Debug|x86.ActiveCfg = Debug|Any CPU
		{C6FD83DE-01E5-47AB-AA98-C32B5F3CBB71}.Debug|x86.Build.0 = Debug|Any CPU
		{C6FD83DE-01E5-47AB-AA98-C32B5F3CBB71}.Release|Any CPU.ActiveCfg = Release|Any CPU
		{C6FD83DE-01E5-47AB-AA98-C32B5F3CBB71}.Release|Any CPU.Build.0 = Release|Any CPU
		{C6FD83DE-01E5-47AB-AA98-C32B5F3CBB71}.Release|x64.ActiveCfg = Release|Any CPU
		{C6FD83DE-01E5-47AB-AA98-C32B5F3CBB71}.Release|x64.Build.0 = Release|Any CPU
		{C6FD83DE-01E5-47AB-AA98-C32B5F3CBB71}.Release|x86.ActiveCfg = Release|Any CPU
		{C6FD83DE-01E5-47AB-AA98-C32B5F3CBB71}.Release|x86.Build.0 = Release|Any CPU
		{C2B55B86-7E99-4720-9FD5-87DCF6E9D329}.Debug|Any CPU.ActiveCfg = Debug|Any CPU
		{C2B55B86-7E99-4720-9FD5-87DCF6E9D329}.Debug|Any CPU.Build.0 = Debug|Any CPU
		{C2B55B86-7E99-4720-9FD5-87DCF6E9D329}.Debug|x64.ActiveCfg = Debug|Any CPU
		{C2B55B86-7E99-4720-9FD5-87DCF6E9D329}.Debug|x64.Build.0 = Debug|Any CPU
		{C2B55B86-7E99-4720-9FD5-87DCF6E9D329}.Debug|x86.ActiveCfg = Debug|Any CPU
		{C2B55B86-7E99-4720-9FD5-87DCF6E9D329}.Debug|x86.Build.0 = Debug|Any CPU
		{C2B55B86-7E99-4720-9FD5-87DCF6E9D329}.Release|Any CPU.ActiveCfg = Release|Any CPU
		{C2B55B86-7E99-4720-9FD5-87DCF6E9D329}.Release|Any CPU.Build.0 = Release|Any CPU
		{C2B55B86-7E99-4720-9FD5-87DCF6E9D329}.Release|x64.ActiveCfg = Release|Any CPU
		{C2B55B86-7E99-4720-9FD5-87DCF6E9D329}.Release|x64.Build.0 = Release|Any CPU
		{C2B55B86-7E99-4720-9FD5-87DCF6E9D329}.Release|x86.ActiveCfg = Release|Any CPU
		{C2B55B86-7E99-4720-9FD5-87DCF6E9D329}.Release|x86.Build.0 = Release|Any CPU
		{69433BC1-752F-4FEF-A6E4-AED2C6166BDB}.Debug|Any CPU.ActiveCfg = Debug|Any CPU
		{69433BC1-752F-4FEF-A6E4-AED2C6166BDB}.Debug|Any CPU.Build.0 = Debug|Any CPU
		{69433BC1-752F-4FEF-A6E4-AED2C6166BDB}.Debug|x64.ActiveCfg = Debug|Any CPU
		{69433BC1-752F-4FEF-A6E4-AED2C6166BDB}.Debug|x64.Build.0 = Debug|Any CPU
		{69433BC1-752F-4FEF-A6E4-AED2C6166BDB}.Debug|x86.ActiveCfg = Debug|Any CPU
		{69433BC1-752F-4FEF-A6E4-AED2C6166BDB}.Debug|x86.Build.0 = Debug|Any CPU
		{69433BC1-752F-4FEF-A6E4-AED2C6166BDB}.Release|Any CPU.ActiveCfg = Release|Any CPU
		{69433BC1-752F-4FEF-A6E4-AED2C6166BDB}.Release|Any CPU.Build.0 = Release|Any CPU
		{69433BC1-752F-4FEF-A6E4-AED2C6166BDB}.Release|x64.ActiveCfg = Release|Any CPU
		{69433BC1-752F-4FEF-A6E4-AED2C6166BDB}.Release|x64.Build.0 = Release|Any CPU
		{69433BC1-752F-4FEF-A6E4-AED2C6166BDB}.Release|x86.ActiveCfg = Release|Any CPU
		{69433BC1-752F-4FEF-A6E4-AED2C6166BDB}.Release|x86.Build.0 = Release|Any CPU
		{7EAA3685-E558-42E6-AB3A-7210D1AF96C7}.Debug|Any CPU.ActiveCfg = Debug|Any CPU
		{7EAA3685-E558-42E6-AB3A-7210D1AF96C7}.Debug|Any CPU.Build.0 = Debug|Any CPU
		{7EAA3685-E558-42E6-AB3A-7210D1AF96C7}.Debug|x64.ActiveCfg = Debug|Any CPU
		{7EAA3685-E558-42E6-AB3A-7210D1AF96C7}.Debug|x64.Build.0 = Debug|Any CPU
		{7EAA3685-E558-42E6-AB3A-7210D1AF96C7}.Debug|x86.ActiveCfg = Debug|Any CPU
		{7EAA3685-E558-42E6-AB3A-7210D1AF96C7}.Debug|x86.Build.0 = Debug|Any CPU
		{7EAA3685-E558-42E6-AB3A-7210D1AF96C7}.Release|Any CPU.ActiveCfg = Release|Any CPU
		{7EAA3685-E558-42E6-AB3A-7210D1AF96C7}.Release|Any CPU.Build.0 = Release|Any CPU
		{7EAA3685-E558-42E6-AB3A-7210D1AF96C7}.Release|x64.ActiveCfg = Release|Any CPU
		{7EAA3685-E558-42E6-AB3A-7210D1AF96C7}.Release|x64.Build.0 = Release|Any CPU
		{7EAA3685-E558-42E6-AB3A-7210D1AF96C7}.Release|x86.ActiveCfg = Release|Any CPU
		{7EAA3685-E558-42E6-AB3A-7210D1AF96C7}.Release|x86.Build.0 = Release|Any CPU
		{3BD25198-DD32-442B-A50E-D97083DAEEA5}.Debug|Any CPU.ActiveCfg = Debug|Any CPU
		{3BD25198-DD32-442B-A50E-D97083DAEEA5}.Debug|Any CPU.Build.0 = Debug|Any CPU
		{3BD25198-DD32-442B-A50E-D97083DAEEA5}.Debug|x64.ActiveCfg = Debug|Any CPU
		{3BD25198-DD32-442B-A50E-D97083DAEEA5}.Debug|x64.Build.0 = Debug|Any CPU
		{3BD25198-DD32-442B-A50E-D97083DAEEA5}.Debug|x86.ActiveCfg = Debug|Any CPU
		{3BD25198-DD32-442B-A50E-D97083DAEEA5}.Debug|x86.Build.0 = Debug|Any CPU
		{3BD25198-DD32-442B-A50E-D97083DAEEA5}.Release|Any CPU.ActiveCfg = Release|Any CPU
		{3BD25198-DD32-442B-A50E-D97083DAEEA5}.Release|Any CPU.Build.0 = Release|Any CPU
		{3BD25198-DD32-442B-A50E-D97083DAEEA5}.Release|x64.ActiveCfg = Release|Any CPU
		{3BD25198-DD32-442B-A50E-D97083DAEEA5}.Release|x64.Build.0 = Release|Any CPU
		{3BD25198-DD32-442B-A50E-D97083DAEEA5}.Release|x86.ActiveCfg = Release|Any CPU
		{3BD25198-DD32-442B-A50E-D97083DAEEA5}.Release|x86.Build.0 = Release|Any CPU
		{00F231F8-2C90-4938-BF12-59FFEAE40F1A}.Debug|Any CPU.ActiveCfg = Debug|Any CPU
		{00F231F8-2C90-4938-BF12-59FFEAE40F1A}.Debug|Any CPU.Build.0 = Debug|Any CPU
		{00F231F8-2C90-4938-BF12-59FFEAE40F1A}.Debug|x64.ActiveCfg = Debug|x64
		{00F231F8-2C90-4938-BF12-59FFEAE40F1A}.Debug|x64.Build.0 = Debug|x64
		{00F231F8-2C90-4938-BF12-59FFEAE40F1A}.Debug|x86.ActiveCfg = Debug|Any CPU
		{00F231F8-2C90-4938-BF12-59FFEAE40F1A}.Debug|x86.Build.0 = Debug|Any CPU
		{00F231F8-2C90-4938-BF12-59FFEAE40F1A}.Release|Any CPU.ActiveCfg = Release|Any CPU
		{00F231F8-2C90-4938-BF12-59FFEAE40F1A}.Release|Any CPU.Build.0 = Release|Any CPU
		{00F231F8-2C90-4938-BF12-59FFEAE40F1A}.Release|x64.ActiveCfg = Release|x64
		{00F231F8-2C90-4938-BF12-59FFEAE40F1A}.Release|x64.Build.0 = Release|x64
		{00F231F8-2C90-4938-BF12-59FFEAE40F1A}.Release|x86.ActiveCfg = Release|Any CPU
		{00F231F8-2C90-4938-BF12-59FFEAE40F1A}.Release|x86.Build.0 = Release|Any CPU
		{168E89BB-1806-4956-8B14-FB9B83DD184A}.Debug|Any CPU.ActiveCfg = Debug|Any CPU
		{168E89BB-1806-4956-8B14-FB9B83DD184A}.Debug|Any CPU.Build.0 = Debug|Any CPU
		{168E89BB-1806-4956-8B14-FB9B83DD184A}.Debug|x64.ActiveCfg = Debug|x64
		{168E89BB-1806-4956-8B14-FB9B83DD184A}.Debug|x64.Build.0 = Debug|x64
		{168E89BB-1806-4956-8B14-FB9B83DD184A}.Debug|x86.ActiveCfg = Debug|Any CPU
		{168E89BB-1806-4956-8B14-FB9B83DD184A}.Debug|x86.Build.0 = Debug|Any CPU
		{168E89BB-1806-4956-8B14-FB9B83DD184A}.Release|Any CPU.ActiveCfg = Release|Any CPU
		{168E89BB-1806-4956-8B14-FB9B83DD184A}.Release|Any CPU.Build.0 = Release|Any CPU
		{168E89BB-1806-4956-8B14-FB9B83DD184A}.Release|x64.ActiveCfg = Release|x64
		{168E89BB-1806-4956-8B14-FB9B83DD184A}.Release|x64.Build.0 = Release|x64
		{168E89BB-1806-4956-8B14-FB9B83DD184A}.Release|x86.ActiveCfg = Release|Any CPU
		{168E89BB-1806-4956-8B14-FB9B83DD184A}.Release|x86.Build.0 = Release|Any CPU
		{08899B62-E334-4489-9CF2-BF329E8821C6}.Debug|Any CPU.ActiveCfg = Debug|Any CPU
		{08899B62-E334-4489-9CF2-BF329E8821C6}.Debug|Any CPU.Build.0 = Debug|Any CPU
		{08899B62-E334-4489-9CF2-BF329E8821C6}.Debug|x64.ActiveCfg = Debug|x64
		{08899B62-E334-4489-9CF2-BF329E8821C6}.Debug|x64.Build.0 = Debug|x64
		{08899B62-E334-4489-9CF2-BF329E8821C6}.Debug|x86.ActiveCfg = Debug|Any CPU
		{08899B62-E334-4489-9CF2-BF329E8821C6}.Debug|x86.Build.0 = Debug|Any CPU
		{08899B62-E334-4489-9CF2-BF329E8821C6}.Release|Any CPU.ActiveCfg = Release|Any CPU
		{08899B62-E334-4489-9CF2-BF329E8821C6}.Release|Any CPU.Build.0 = Release|Any CPU
		{08899B62-E334-4489-9CF2-BF329E8821C6}.Release|x64.ActiveCfg = Release|x64
		{08899B62-E334-4489-9CF2-BF329E8821C6}.Release|x64.Build.0 = Release|x64
		{08899B62-E334-4489-9CF2-BF329E8821C6}.Release|x86.ActiveCfg = Release|Any CPU
		{08899B62-E334-4489-9CF2-BF329E8821C6}.Release|x86.Build.0 = Release|Any CPU
		{D03F3624-83B2-4F63-8390-126FA247E01E}.Debug|Any CPU.ActiveCfg = Debug|Any CPU
		{D03F3624-83B2-4F63-8390-126FA247E01E}.Debug|Any CPU.Build.0 = Debug|Any CPU
		{D03F3624-83B2-4F63-8390-126FA247E01E}.Debug|x64.ActiveCfg = Debug|Any CPU
		{D03F3624-83B2-4F63-8390-126FA247E01E}.Debug|x64.Build.0 = Debug|Any CPU
		{D03F3624-83B2-4F63-8390-126FA247E01E}.Debug|x86.ActiveCfg = Debug|Any CPU
		{D03F3624-83B2-4F63-8390-126FA247E01E}.Debug|x86.Build.0 = Debug|Any CPU
		{D03F3624-83B2-4F63-8390-126FA247E01E}.Release|Any CPU.ActiveCfg = Release|Any CPU
		{D03F3624-83B2-4F63-8390-126FA247E01E}.Release|Any CPU.Build.0 = Release|Any CPU
		{D03F3624-83B2-4F63-8390-126FA247E01E}.Release|x64.ActiveCfg = Release|Any CPU
		{D03F3624-83B2-4F63-8390-126FA247E01E}.Release|x64.Build.0 = Release|Any CPU
		{D03F3624-83B2-4F63-8390-126FA247E01E}.Release|x86.ActiveCfg = Release|Any CPU
		{D03F3624-83B2-4F63-8390-126FA247E01E}.Release|x86.Build.0 = Release|Any CPU
		{A647C779-E808-4088-A93F-D917778D975C}.Debug|Any CPU.ActiveCfg = Debug|Any CPU
		{A647C779-E808-4088-A93F-D917778D975C}.Debug|Any CPU.Build.0 = Debug|Any CPU
		{A647C779-E808-4088-A93F-D917778D975C}.Debug|x64.ActiveCfg = Debug|x64
		{A647C779-E808-4088-A93F-D917778D975C}.Debug|x64.Build.0 = Debug|x64
		{A647C779-E808-4088-A93F-D917778D975C}.Debug|x86.ActiveCfg = Debug|Any CPU
		{A647C779-E808-4088-A93F-D917778D975C}.Debug|x86.Build.0 = Debug|Any CPU
		{A647C779-E808-4088-A93F-D917778D975C}.Release|Any CPU.ActiveCfg = Release|Any CPU
		{A647C779-E808-4088-A93F-D917778D975C}.Release|Any CPU.Build.0 = Release|Any CPU
		{A647C779-E808-4088-A93F-D917778D975C}.Release|x64.ActiveCfg = Release|x64
		{A647C779-E808-4088-A93F-D917778D975C}.Release|x64.Build.0 = Release|x64
		{A647C779-E808-4088-A93F-D917778D975C}.Release|x86.ActiveCfg = Release|Any CPU
		{A647C779-E808-4088-A93F-D917778D975C}.Release|x86.Build.0 = Release|Any CPU
		{7730D7E1-6571-4814-B2F7-971C09781BE9}.Debug|Any CPU.ActiveCfg = Debug|Any CPU
		{7730D7E1-6571-4814-B2F7-971C09781BE9}.Debug|Any CPU.Build.0 = Debug|Any CPU
		{7730D7E1-6571-4814-B2F7-971C09781BE9}.Debug|x64.ActiveCfg = Debug|Any CPU
		{7730D7E1-6571-4814-B2F7-971C09781BE9}.Debug|x64.Build.0 = Debug|Any CPU
		{7730D7E1-6571-4814-B2F7-971C09781BE9}.Debug|x86.ActiveCfg = Debug|Any CPU
		{7730D7E1-6571-4814-B2F7-971C09781BE9}.Debug|x86.Build.0 = Debug|Any CPU
		{7730D7E1-6571-4814-B2F7-971C09781BE9}.Release|Any CPU.ActiveCfg = Release|Any CPU
		{7730D7E1-6571-4814-B2F7-971C09781BE9}.Release|Any CPU.Build.0 = Release|Any CPU
		{7730D7E1-6571-4814-B2F7-971C09781BE9}.Release|x64.ActiveCfg = Release|Any CPU
		{7730D7E1-6571-4814-B2F7-971C09781BE9}.Release|x64.Build.0 = Release|Any CPU
		{7730D7E1-6571-4814-B2F7-971C09781BE9}.Release|x86.ActiveCfg = Release|Any CPU
		{7730D7E1-6571-4814-B2F7-971C09781BE9}.Release|x86.Build.0 = Release|Any CPU
		{98C8D7F6-A001-4CBD-B330-8F32DDE2EF9E}.Debug|Any CPU.ActiveCfg = Debug|Any CPU
		{98C8D7F6-A001-4CBD-B330-8F32DDE2EF9E}.Debug|Any CPU.Build.0 = Debug|Any CPU
		{98C8D7F6-A001-4CBD-B330-8F32DDE2EF9E}.Debug|x64.ActiveCfg = Debug|Any CPU
		{98C8D7F6-A001-4CBD-B330-8F32DDE2EF9E}.Debug|x64.Build.0 = Debug|Any CPU
		{98C8D7F6-A001-4CBD-B330-8F32DDE2EF9E}.Debug|x86.ActiveCfg = Debug|Any CPU
		{98C8D7F6-A001-4CBD-B330-8F32DDE2EF9E}.Debug|x86.Build.0 = Debug|Any CPU
		{98C8D7F6-A001-4CBD-B330-8F32DDE2EF9E}.Release|Any CPU.ActiveCfg = Release|Any CPU
		{98C8D7F6-A001-4CBD-B330-8F32DDE2EF9E}.Release|Any CPU.Build.0 = Release|Any CPU
		{98C8D7F6-A001-4CBD-B330-8F32DDE2EF9E}.Release|x64.ActiveCfg = Release|Any CPU
		{98C8D7F6-A001-4CBD-B330-8F32DDE2EF9E}.Release|x64.Build.0 = Release|Any CPU
		{98C8D7F6-A001-4CBD-B330-8F32DDE2EF9E}.Release|x86.ActiveCfg = Release|Any CPU
		{98C8D7F6-A001-4CBD-B330-8F32DDE2EF9E}.Release|x86.Build.0 = Release|Any CPU
		{E5D84109-5CC7-4501-9453-BF7B464FD047}.Debug|Any CPU.ActiveCfg = Debug|Any CPU
		{E5D84109-5CC7-4501-9453-BF7B464FD047}.Debug|Any CPU.Build.0 = Debug|Any CPU
		{E5D84109-5CC7-4501-9453-BF7B464FD047}.Debug|x64.ActiveCfg = Debug|Any CPU
		{E5D84109-5CC7-4501-9453-BF7B464FD047}.Debug|x64.Build.0 = Debug|Any CPU
		{E5D84109-5CC7-4501-9453-BF7B464FD047}.Debug|x86.ActiveCfg = Debug|Any CPU
		{E5D84109-5CC7-4501-9453-BF7B464FD047}.Debug|x86.Build.0 = Debug|Any CPU
		{E5D84109-5CC7-4501-9453-BF7B464FD047}.Release|Any CPU.ActiveCfg = Release|Any CPU
		{E5D84109-5CC7-4501-9453-BF7B464FD047}.Release|Any CPU.Build.0 = Release|Any CPU
		{E5D84109-5CC7-4501-9453-BF7B464FD047}.Release|x64.ActiveCfg = Release|Any CPU
		{E5D84109-5CC7-4501-9453-BF7B464FD047}.Release|x64.Build.0 = Release|Any CPU
		{E5D84109-5CC7-4501-9453-BF7B464FD047}.Release|x86.ActiveCfg = Release|Any CPU
		{E5D84109-5CC7-4501-9453-BF7B464FD047}.Release|x86.Build.0 = Release|Any CPU
		{42A6BE65-6021-473E-817D-7B33578B0263}.Debug|Any CPU.ActiveCfg = Debug|Any CPU
		{42A6BE65-6021-473E-817D-7B33578B0263}.Debug|Any CPU.Build.0 = Debug|Any CPU
		{42A6BE65-6021-473E-817D-7B33578B0263}.Debug|x64.ActiveCfg = Debug|Any CPU
		{42A6BE65-6021-473E-817D-7B33578B0263}.Debug|x64.Build.0 = Debug|Any CPU
		{42A6BE65-6021-473E-817D-7B33578B0263}.Debug|x86.ActiveCfg = Debug|Any CPU
		{42A6BE65-6021-473E-817D-7B33578B0263}.Debug|x86.Build.0 = Debug|Any CPU
		{42A6BE65-6021-473E-817D-7B33578B0263}.Release|Any CPU.ActiveCfg = Release|Any CPU
		{42A6BE65-6021-473E-817D-7B33578B0263}.Release|Any CPU.Build.0 = Release|Any CPU
		{42A6BE65-6021-473E-817D-7B33578B0263}.Release|x64.ActiveCfg = Release|Any CPU
		{42A6BE65-6021-473E-817D-7B33578B0263}.Release|x64.Build.0 = Release|Any CPU
		{42A6BE65-6021-473E-817D-7B33578B0263}.Release|x86.ActiveCfg = Release|Any CPU
		{42A6BE65-6021-473E-817D-7B33578B0263}.Release|x86.Build.0 = Release|Any CPU
		{15029439-3FEC-43EA-B138-12A6B4134269}.Debug|Any CPU.ActiveCfg = Debug|Any CPU
		{15029439-3FEC-43EA-B138-12A6B4134269}.Debug|Any CPU.Build.0 = Debug|Any CPU
		{15029439-3FEC-43EA-B138-12A6B4134269}.Debug|x64.ActiveCfg = Debug|Any CPU
		{15029439-3FEC-43EA-B138-12A6B4134269}.Debug|x64.Build.0 = Debug|Any CPU
		{15029439-3FEC-43EA-B138-12A6B4134269}.Debug|x86.ActiveCfg = Debug|Any CPU
		{15029439-3FEC-43EA-B138-12A6B4134269}.Debug|x86.Build.0 = Debug|Any CPU
		{15029439-3FEC-43EA-B138-12A6B4134269}.Release|Any CPU.ActiveCfg = Release|Any CPU
		{15029439-3FEC-43EA-B138-12A6B4134269}.Release|Any CPU.Build.0 = Release|Any CPU
		{15029439-3FEC-43EA-B138-12A6B4134269}.Release|x64.ActiveCfg = Release|Any CPU
		{15029439-3FEC-43EA-B138-12A6B4134269}.Release|x64.Build.0 = Release|Any CPU
		{15029439-3FEC-43EA-B138-12A6B4134269}.Release|x86.ActiveCfg = Release|Any CPU
		{15029439-3FEC-43EA-B138-12A6B4134269}.Release|x86.Build.0 = Release|Any CPU
		{E8428339-E111-430C-83DC-C72A83D3C0C6}.Debug|Any CPU.ActiveCfg = Debug|Any CPU
		{E8428339-E111-430C-83DC-C72A83D3C0C6}.Debug|Any CPU.Build.0 = Debug|Any CPU
		{E8428339-E111-430C-83DC-C72A83D3C0C6}.Debug|x64.ActiveCfg = Debug|Any CPU
		{E8428339-E111-430C-83DC-C72A83D3C0C6}.Debug|x64.Build.0 = Debug|Any CPU
		{E8428339-E111-430C-83DC-C72A83D3C0C6}.Debug|x86.ActiveCfg = Debug|Any CPU
		{E8428339-E111-430C-83DC-C72A83D3C0C6}.Debug|x86.Build.0 = Debug|Any CPU
		{E8428339-E111-430C-83DC-C72A83D3C0C6}.Release|Any CPU.ActiveCfg = Release|Any CPU
		{E8428339-E111-430C-83DC-C72A83D3C0C6}.Release|Any CPU.Build.0 = Release|Any CPU
		{E8428339-E111-430C-83DC-C72A83D3C0C6}.Release|x64.ActiveCfg = Release|Any CPU
		{E8428339-E111-430C-83DC-C72A83D3C0C6}.Release|x64.Build.0 = Release|Any CPU
		{E8428339-E111-430C-83DC-C72A83D3C0C6}.Release|x86.ActiveCfg = Release|Any CPU
		{E8428339-E111-430C-83DC-C72A83D3C0C6}.Release|x86.Build.0 = Release|Any CPU
		{D161E330-39FC-4F36-B782-19928216EFAF}.Debug|Any CPU.ActiveCfg = Debug|Any CPU
		{D161E330-39FC-4F36-B782-19928216EFAF}.Debug|Any CPU.Build.0 = Debug|Any CPU
		{D161E330-39FC-4F36-B782-19928216EFAF}.Debug|x64.ActiveCfg = Debug|Any CPU
		{D161E330-39FC-4F36-B782-19928216EFAF}.Debug|x64.Build.0 = Debug|Any CPU
		{D161E330-39FC-4F36-B782-19928216EFAF}.Debug|x86.ActiveCfg = Debug|Any CPU
		{D161E330-39FC-4F36-B782-19928216EFAF}.Debug|x86.Build.0 = Debug|Any CPU
		{D161E330-39FC-4F36-B782-19928216EFAF}.Release|Any CPU.ActiveCfg = Release|Any CPU
		{D161E330-39FC-4F36-B782-19928216EFAF}.Release|Any CPU.Build.0 = Release|Any CPU
		{D161E330-39FC-4F36-B782-19928216EFAF}.Release|x64.ActiveCfg = Release|Any CPU
		{D161E330-39FC-4F36-B782-19928216EFAF}.Release|x64.Build.0 = Release|Any CPU
		{D161E330-39FC-4F36-B782-19928216EFAF}.Release|x86.ActiveCfg = Release|Any CPU
		{D161E330-39FC-4F36-B782-19928216EFAF}.Release|x86.Build.0 = Release|Any CPU
		{FD47218F-D426-4E66-BDBA-C3415061CC7A}.Debug|Any CPU.ActiveCfg = Debug|Any CPU
		{FD47218F-D426-4E66-BDBA-C3415061CC7A}.Debug|Any CPU.Build.0 = Debug|Any CPU
		{FD47218F-D426-4E66-BDBA-C3415061CC7A}.Debug|x64.ActiveCfg = Debug|Any CPU
		{FD47218F-D426-4E66-BDBA-C3415061CC7A}.Debug|x64.Build.0 = Debug|Any CPU
		{FD47218F-D426-4E66-BDBA-C3415061CC7A}.Debug|x86.ActiveCfg = Debug|Any CPU
		{FD47218F-D426-4E66-BDBA-C3415061CC7A}.Debug|x86.Build.0 = Debug|Any CPU
		{FD47218F-D426-4E66-BDBA-C3415061CC7A}.Release|Any CPU.ActiveCfg = Release|Any CPU
		{FD47218F-D426-4E66-BDBA-C3415061CC7A}.Release|Any CPU.Build.0 = Release|Any CPU
		{FD47218F-D426-4E66-BDBA-C3415061CC7A}.Release|x64.ActiveCfg = Release|Any CPU
		{FD47218F-D426-4E66-BDBA-C3415061CC7A}.Release|x64.Build.0 = Release|Any CPU
		{FD47218F-D426-4E66-BDBA-C3415061CC7A}.Release|x86.ActiveCfg = Release|Any CPU
		{FD47218F-D426-4E66-BDBA-C3415061CC7A}.Release|x86.Build.0 = Release|Any CPU
		{0AC0176B-B3F2-42D7-8F54-076D4A6FC094}.Debug|Any CPU.ActiveCfg = Debug|Any CPU
		{0AC0176B-B3F2-42D7-8F54-076D4A6FC094}.Debug|Any CPU.Build.0 = Debug|Any CPU
		{0AC0176B-B3F2-42D7-8F54-076D4A6FC094}.Debug|x64.ActiveCfg = Debug|Any CPU
		{0AC0176B-B3F2-42D7-8F54-076D4A6FC094}.Debug|x64.Build.0 = Debug|Any CPU
		{0AC0176B-B3F2-42D7-8F54-076D4A6FC094}.Debug|x86.ActiveCfg = Debug|Any CPU
		{0AC0176B-B3F2-42D7-8F54-076D4A6FC094}.Debug|x86.Build.0 = Debug|Any CPU
		{0AC0176B-B3F2-42D7-8F54-076D4A6FC094}.Release|Any CPU.ActiveCfg = Release|Any CPU
		{0AC0176B-B3F2-42D7-8F54-076D4A6FC094}.Release|Any CPU.Build.0 = Release|Any CPU
		{0AC0176B-B3F2-42D7-8F54-076D4A6FC094}.Release|x64.ActiveCfg = Release|Any CPU
		{0AC0176B-B3F2-42D7-8F54-076D4A6FC094}.Release|x64.Build.0 = Release|Any CPU
		{0AC0176B-B3F2-42D7-8F54-076D4A6FC094}.Release|x86.ActiveCfg = Release|Any CPU
		{0AC0176B-B3F2-42D7-8F54-076D4A6FC094}.Release|x86.Build.0 = Release|Any CPU
		{F9481EE2-6322-4449-81C2-2683BE41DAF5}.Debug|Any CPU.ActiveCfg = Debug|Any CPU
		{F9481EE2-6322-4449-81C2-2683BE41DAF5}.Debug|Any CPU.Build.0 = Debug|Any CPU
		{F9481EE2-6322-4449-81C2-2683BE41DAF5}.Debug|x64.ActiveCfg = Debug|Any CPU
		{F9481EE2-6322-4449-81C2-2683BE41DAF5}.Debug|x64.Build.0 = Debug|Any CPU
		{F9481EE2-6322-4449-81C2-2683BE41DAF5}.Debug|x86.ActiveCfg = Debug|Any CPU
		{F9481EE2-6322-4449-81C2-2683BE41DAF5}.Debug|x86.Build.0 = Debug|Any CPU
		{F9481EE2-6322-4449-81C2-2683BE41DAF5}.Release|Any CPU.ActiveCfg = Release|Any CPU
		{F9481EE2-6322-4449-81C2-2683BE41DAF5}.Release|Any CPU.Build.0 = Release|Any CPU
		{F9481EE2-6322-4449-81C2-2683BE41DAF5}.Release|x64.ActiveCfg = Release|Any CPU
		{F9481EE2-6322-4449-81C2-2683BE41DAF5}.Release|x64.Build.0 = Release|Any CPU
		{F9481EE2-6322-4449-81C2-2683BE41DAF5}.Release|x86.ActiveCfg = Release|Any CPU
		{F9481EE2-6322-4449-81C2-2683BE41DAF5}.Release|x86.Build.0 = Release|Any CPU
		{8033D9F6-BE87-4E60-B7B6-84C59FE5FC7C}.Debug|Any CPU.ActiveCfg = Debug|Any CPU
		{8033D9F6-BE87-4E60-B7B6-84C59FE5FC7C}.Debug|Any CPU.Build.0 = Debug|Any CPU
		{8033D9F6-BE87-4E60-B7B6-84C59FE5FC7C}.Debug|x64.ActiveCfg = Debug|Any CPU
		{8033D9F6-BE87-4E60-B7B6-84C59FE5FC7C}.Debug|x64.Build.0 = Debug|Any CPU
		{8033D9F6-BE87-4E60-B7B6-84C59FE5FC7C}.Debug|x86.ActiveCfg = Debug|Any CPU
		{8033D9F6-BE87-4E60-B7B6-84C59FE5FC7C}.Debug|x86.Build.0 = Debug|Any CPU
		{8033D9F6-BE87-4E60-B7B6-84C59FE5FC7C}.Release|Any CPU.ActiveCfg = Release|Any CPU
		{8033D9F6-BE87-4E60-B7B6-84C59FE5FC7C}.Release|Any CPU.Build.0 = Release|Any CPU
		{8033D9F6-BE87-4E60-B7B6-84C59FE5FC7C}.Release|x64.ActiveCfg = Release|Any CPU
		{8033D9F6-BE87-4E60-B7B6-84C59FE5FC7C}.Release|x64.Build.0 = Release|Any CPU
		{8033D9F6-BE87-4E60-B7B6-84C59FE5FC7C}.Release|x86.ActiveCfg = Release|Any CPU
		{8033D9F6-BE87-4E60-B7B6-84C59FE5FC7C}.Release|x86.Build.0 = Release|Any CPU
		{930A6C13-5326-43E3-B0C0-305EEB8A9161}.Debug|Any CPU.ActiveCfg = Debug|Any CPU
		{930A6C13-5326-43E3-B0C0-305EEB8A9161}.Debug|Any CPU.Build.0 = Debug|Any CPU
		{930A6C13-5326-43E3-B0C0-305EEB8A9161}.Debug|x64.ActiveCfg = Debug|Any CPU
		{930A6C13-5326-43E3-B0C0-305EEB8A9161}.Debug|x64.Build.0 = Debug|Any CPU
		{930A6C13-5326-43E3-B0C0-305EEB8A9161}.Debug|x86.ActiveCfg = Debug|Any CPU
		{930A6C13-5326-43E3-B0C0-305EEB8A9161}.Debug|x86.Build.0 = Debug|Any CPU
		{930A6C13-5326-43E3-B0C0-305EEB8A9161}.Release|Any CPU.ActiveCfg = Release|Any CPU
		{930A6C13-5326-43E3-B0C0-305EEB8A9161}.Release|Any CPU.Build.0 = Release|Any CPU
		{930A6C13-5326-43E3-B0C0-305EEB8A9161}.Release|x64.ActiveCfg = Release|Any CPU
		{930A6C13-5326-43E3-B0C0-305EEB8A9161}.Release|x64.Build.0 = Release|Any CPU
		{930A6C13-5326-43E3-B0C0-305EEB8A9161}.Release|x86.ActiveCfg = Release|Any CPU
		{930A6C13-5326-43E3-B0C0-305EEB8A9161}.Release|x86.Build.0 = Release|Any CPU
		{9F4FCAB1-5C33-42B1-8DDC-63B3D2A009BA}.Debug|Any CPU.ActiveCfg = Debug|Any CPU
		{9F4FCAB1-5C33-42B1-8DDC-63B3D2A009BA}.Debug|Any CPU.Build.0 = Debug|Any CPU
		{9F4FCAB1-5C33-42B1-8DDC-63B3D2A009BA}.Debug|x64.ActiveCfg = Debug|Any CPU
		{9F4FCAB1-5C33-42B1-8DDC-63B3D2A009BA}.Debug|x64.Build.0 = Debug|Any CPU
		{9F4FCAB1-5C33-42B1-8DDC-63B3D2A009BA}.Debug|x86.ActiveCfg = Debug|Any CPU
		{9F4FCAB1-5C33-42B1-8DDC-63B3D2A009BA}.Debug|x86.Build.0 = Debug|Any CPU
		{9F4FCAB1-5C33-42B1-8DDC-63B3D2A009BA}.Release|Any CPU.ActiveCfg = Release|Any CPU
		{9F4FCAB1-5C33-42B1-8DDC-63B3D2A009BA}.Release|Any CPU.Build.0 = Release|Any CPU
		{9F4FCAB1-5C33-42B1-8DDC-63B3D2A009BA}.Release|x64.ActiveCfg = Release|Any CPU
		{9F4FCAB1-5C33-42B1-8DDC-63B3D2A009BA}.Release|x64.Build.0 = Release|Any CPU
		{9F4FCAB1-5C33-42B1-8DDC-63B3D2A009BA}.Release|x86.ActiveCfg = Release|Any CPU
		{9F4FCAB1-5C33-42B1-8DDC-63B3D2A009BA}.Release|x86.Build.0 = Release|Any CPU
		{FE40BB97-830F-4539-B944-8017D2F6A4E2}.Debug|Any CPU.ActiveCfg = Debug|Any CPU
		{FE40BB97-830F-4539-B944-8017D2F6A4E2}.Debug|Any CPU.Build.0 = Debug|Any CPU
		{FE40BB97-830F-4539-B944-8017D2F6A4E2}.Debug|x64.ActiveCfg = Debug|Any CPU
		{FE40BB97-830F-4539-B944-8017D2F6A4E2}.Debug|x64.Build.0 = Debug|Any CPU
		{FE40BB97-830F-4539-B944-8017D2F6A4E2}.Debug|x86.ActiveCfg = Debug|Any CPU
		{FE40BB97-830F-4539-B944-8017D2F6A4E2}.Debug|x86.Build.0 = Debug|Any CPU
		{FE40BB97-830F-4539-B944-8017D2F6A4E2}.Release|Any CPU.ActiveCfg = Release|Any CPU
		{FE40BB97-830F-4539-B944-8017D2F6A4E2}.Release|Any CPU.Build.0 = Release|Any CPU
		{FE40BB97-830F-4539-B944-8017D2F6A4E2}.Release|x64.ActiveCfg = Release|Any CPU
		{FE40BB97-830F-4539-B944-8017D2F6A4E2}.Release|x64.Build.0 = Release|Any CPU
		{FE40BB97-830F-4539-B944-8017D2F6A4E2}.Release|x86.ActiveCfg = Release|Any CPU
		{FE40BB97-830F-4539-B944-8017D2F6A4E2}.Release|x86.Build.0 = Release|Any CPU
		{1EF1990F-65EA-4DB2-BC7C-A6C25E83741D}.Debug|Any CPU.ActiveCfg = Debug|Any CPU
		{1EF1990F-65EA-4DB2-BC7C-A6C25E83741D}.Debug|Any CPU.Build.0 = Debug|Any CPU
		{1EF1990F-65EA-4DB2-BC7C-A6C25E83741D}.Debug|x64.ActiveCfg = Debug|Any CPU
		{1EF1990F-65EA-4DB2-BC7C-A6C25E83741D}.Debug|x64.Build.0 = Debug|Any CPU
		{1EF1990F-65EA-4DB2-BC7C-A6C25E83741D}.Debug|x86.ActiveCfg = Debug|Any CPU
		{1EF1990F-65EA-4DB2-BC7C-A6C25E83741D}.Debug|x86.Build.0 = Debug|Any CPU
		{1EF1990F-65EA-4DB2-BC7C-A6C25E83741D}.Release|Any CPU.ActiveCfg = Release|Any CPU
		{1EF1990F-65EA-4DB2-BC7C-A6C25E83741D}.Release|Any CPU.Build.0 = Release|Any CPU
		{1EF1990F-65EA-4DB2-BC7C-A6C25E83741D}.Release|x64.ActiveCfg = Release|Any CPU
		{1EF1990F-65EA-4DB2-BC7C-A6C25E83741D}.Release|x64.Build.0 = Release|Any CPU
		{1EF1990F-65EA-4DB2-BC7C-A6C25E83741D}.Release|x86.ActiveCfg = Release|Any CPU
		{1EF1990F-65EA-4DB2-BC7C-A6C25E83741D}.Release|x86.Build.0 = Release|Any CPU
		{C2249F9E-7B55-4DA1-AFFE-E8F46D4F3E70}.Debug|Any CPU.ActiveCfg = Debug|Any CPU
		{C2249F9E-7B55-4DA1-AFFE-E8F46D4F3E70}.Debug|Any CPU.Build.0 = Debug|Any CPU
		{C2249F9E-7B55-4DA1-AFFE-E8F46D4F3E70}.Debug|x64.ActiveCfg = Debug|Any CPU
		{C2249F9E-7B55-4DA1-AFFE-E8F46D4F3E70}.Debug|x64.Build.0 = Debug|Any CPU
		{C2249F9E-7B55-4DA1-AFFE-E8F46D4F3E70}.Debug|x86.ActiveCfg = Debug|Any CPU
		{C2249F9E-7B55-4DA1-AFFE-E8F46D4F3E70}.Debug|x86.Build.0 = Debug|Any CPU
		{C2249F9E-7B55-4DA1-AFFE-E8F46D4F3E70}.Release|Any CPU.ActiveCfg = Release|Any CPU
		{C2249F9E-7B55-4DA1-AFFE-E8F46D4F3E70}.Release|Any CPU.Build.0 = Release|Any CPU
		{C2249F9E-7B55-4DA1-AFFE-E8F46D4F3E70}.Release|x64.ActiveCfg = Release|Any CPU
		{C2249F9E-7B55-4DA1-AFFE-E8F46D4F3E70}.Release|x64.Build.0 = Release|Any CPU
		{C2249F9E-7B55-4DA1-AFFE-E8F46D4F3E70}.Release|x86.ActiveCfg = Release|Any CPU
		{C2249F9E-7B55-4DA1-AFFE-E8F46D4F3E70}.Release|x86.Build.0 = Release|Any CPU
		{A6EA53F1-6C42-4733-87F4-EF3AAC962C55}.Debug|Any CPU.ActiveCfg = Debug|Any CPU
		{A6EA53F1-6C42-4733-87F4-EF3AAC962C55}.Debug|Any CPU.Build.0 = Debug|Any CPU
		{A6EA53F1-6C42-4733-87F4-EF3AAC962C55}.Debug|x64.ActiveCfg = Debug|Any CPU
		{A6EA53F1-6C42-4733-87F4-EF3AAC962C55}.Debug|x64.Build.0 = Debug|Any CPU
		{A6EA53F1-6C42-4733-87F4-EF3AAC962C55}.Debug|x86.ActiveCfg = Debug|Any CPU
		{A6EA53F1-6C42-4733-87F4-EF3AAC962C55}.Debug|x86.Build.0 = Debug|Any CPU
		{A6EA53F1-6C42-4733-87F4-EF3AAC962C55}.Release|Any CPU.ActiveCfg = Release|Any CPU
		{A6EA53F1-6C42-4733-87F4-EF3AAC962C55}.Release|Any CPU.Build.0 = Release|Any CPU
		{A6EA53F1-6C42-4733-87F4-EF3AAC962C55}.Release|x64.ActiveCfg = Release|Any CPU
		{A6EA53F1-6C42-4733-87F4-EF3AAC962C55}.Release|x64.Build.0 = Release|Any CPU
		{A6EA53F1-6C42-4733-87F4-EF3AAC962C55}.Release|x86.ActiveCfg = Release|Any CPU
		{A6EA53F1-6C42-4733-87F4-EF3AAC962C55}.Release|x86.Build.0 = Release|Any CPU
		{ADB57C81-5C0D-4508-A821-B19044F48749}.Debug|Any CPU.ActiveCfg = Debug|Any CPU
		{ADB57C81-5C0D-4508-A821-B19044F48749}.Debug|Any CPU.Build.0 = Debug|Any CPU
		{ADB57C81-5C0D-4508-A821-B19044F48749}.Debug|x64.ActiveCfg = Debug|Any CPU
		{ADB57C81-5C0D-4508-A821-B19044F48749}.Debug|x64.Build.0 = Debug|Any CPU
		{ADB57C81-5C0D-4508-A821-B19044F48749}.Debug|x86.ActiveCfg = Debug|Any CPU
		{ADB57C81-5C0D-4508-A821-B19044F48749}.Debug|x86.Build.0 = Debug|Any CPU
		{ADB57C81-5C0D-4508-A821-B19044F48749}.Release|Any CPU.ActiveCfg = Release|Any CPU
		{ADB57C81-5C0D-4508-A821-B19044F48749}.Release|Any CPU.Build.0 = Release|Any CPU
		{ADB57C81-5C0D-4508-A821-B19044F48749}.Release|x64.ActiveCfg = Release|Any CPU
		{ADB57C81-5C0D-4508-A821-B19044F48749}.Release|x64.Build.0 = Release|Any CPU
		{ADB57C81-5C0D-4508-A821-B19044F48749}.Release|x86.ActiveCfg = Release|Any CPU
		{ADB57C81-5C0D-4508-A821-B19044F48749}.Release|x86.Build.0 = Release|Any CPU
		{D17E857E-E494-409C-809A-51354CB57502}.Debug|Any CPU.ActiveCfg = Debug|Any CPU
		{D17E857E-E494-409C-809A-51354CB57502}.Debug|Any CPU.Build.0 = Debug|Any CPU
		{D17E857E-E494-409C-809A-51354CB57502}.Debug|x64.ActiveCfg = Debug|Any CPU
		{D17E857E-E494-409C-809A-51354CB57502}.Debug|x64.Build.0 = Debug|Any CPU
		{D17E857E-E494-409C-809A-51354CB57502}.Debug|x86.ActiveCfg = Debug|Any CPU
		{D17E857E-E494-409C-809A-51354CB57502}.Debug|x86.Build.0 = Debug|Any CPU
		{D17E857E-E494-409C-809A-51354CB57502}.Release|Any CPU.ActiveCfg = Release|Any CPU
		{D17E857E-E494-409C-809A-51354CB57502}.Release|Any CPU.Build.0 = Release|Any CPU
		{D17E857E-E494-409C-809A-51354CB57502}.Release|x64.ActiveCfg = Release|Any CPU
		{D17E857E-E494-409C-809A-51354CB57502}.Release|x64.Build.0 = Release|Any CPU
		{D17E857E-E494-409C-809A-51354CB57502}.Release|x86.ActiveCfg = Release|Any CPU
		{D17E857E-E494-409C-809A-51354CB57502}.Release|x86.Build.0 = Release|Any CPU
		{71F5B092-02B6-4D9C-93CD-EE3FBE834E35}.Debug|Any CPU.ActiveCfg = Debug|Any CPU
		{71F5B092-02B6-4D9C-93CD-EE3FBE834E35}.Debug|Any CPU.Build.0 = Debug|Any CPU
		{71F5B092-02B6-4D9C-93CD-EE3FBE834E35}.Debug|x64.ActiveCfg = Debug|Any CPU
		{71F5B092-02B6-4D9C-93CD-EE3FBE834E35}.Debug|x64.Build.0 = Debug|Any CPU
		{71F5B092-02B6-4D9C-93CD-EE3FBE834E35}.Debug|x86.ActiveCfg = Debug|Any CPU
		{71F5B092-02B6-4D9C-93CD-EE3FBE834E35}.Debug|x86.Build.0 = Debug|Any CPU
		{71F5B092-02B6-4D9C-93CD-EE3FBE834E35}.Release|Any CPU.ActiveCfg = Release|Any CPU
		{71F5B092-02B6-4D9C-93CD-EE3FBE834E35}.Release|Any CPU.Build.0 = Release|Any CPU
		{71F5B092-02B6-4D9C-93CD-EE3FBE834E35}.Release|x64.ActiveCfg = Release|Any CPU
		{71F5B092-02B6-4D9C-93CD-EE3FBE834E35}.Release|x64.Build.0 = Release|Any CPU
		{71F5B092-02B6-4D9C-93CD-EE3FBE834E35}.Release|x86.ActiveCfg = Release|Any CPU
		{71F5B092-02B6-4D9C-93CD-EE3FBE834E35}.Release|x86.Build.0 = Release|Any CPU
		{4469131C-47D1-4804-8654-C1C2A78BAF37}.Debug|Any CPU.ActiveCfg = Debug|Any CPU
		{4469131C-47D1-4804-8654-C1C2A78BAF37}.Debug|Any CPU.Build.0 = Debug|Any CPU
		{4469131C-47D1-4804-8654-C1C2A78BAF37}.Debug|x64.ActiveCfg = Debug|Any CPU
		{4469131C-47D1-4804-8654-C1C2A78BAF37}.Debug|x64.Build.0 = Debug|Any CPU
		{4469131C-47D1-4804-8654-C1C2A78BAF37}.Debug|x86.ActiveCfg = Debug|Any CPU
		{4469131C-47D1-4804-8654-C1C2A78BAF37}.Debug|x86.Build.0 = Debug|Any CPU
		{4469131C-47D1-4804-8654-C1C2A78BAF37}.Release|Any CPU.ActiveCfg = Release|Any CPU
		{4469131C-47D1-4804-8654-C1C2A78BAF37}.Release|Any CPU.Build.0 = Release|Any CPU
		{4469131C-47D1-4804-8654-C1C2A78BAF37}.Release|x64.ActiveCfg = Release|Any CPU
		{4469131C-47D1-4804-8654-C1C2A78BAF37}.Release|x64.Build.0 = Release|Any CPU
		{4469131C-47D1-4804-8654-C1C2A78BAF37}.Release|x86.ActiveCfg = Release|Any CPU
		{4469131C-47D1-4804-8654-C1C2A78BAF37}.Release|x86.Build.0 = Release|Any CPU
		{7CFDF666-4FA5-48BA-854A-34B19C00AD5D}.Debug|Any CPU.ActiveCfg = Debug|Any CPU
		{7CFDF666-4FA5-48BA-854A-34B19C00AD5D}.Debug|Any CPU.Build.0 = Debug|Any CPU
		{7CFDF666-4FA5-48BA-854A-34B19C00AD5D}.Debug|x64.ActiveCfg = Debug|Any CPU
		{7CFDF666-4FA5-48BA-854A-34B19C00AD5D}.Debug|x64.Build.0 = Debug|Any CPU
		{7CFDF666-4FA5-48BA-854A-34B19C00AD5D}.Debug|x86.ActiveCfg = Debug|Any CPU
		{7CFDF666-4FA5-48BA-854A-34B19C00AD5D}.Debug|x86.Build.0 = Debug|Any CPU
		{7CFDF666-4FA5-48BA-854A-34B19C00AD5D}.Release|Any CPU.ActiveCfg = Release|Any CPU
		{7CFDF666-4FA5-48BA-854A-34B19C00AD5D}.Release|Any CPU.Build.0 = Release|Any CPU
		{7CFDF666-4FA5-48BA-854A-34B19C00AD5D}.Release|x64.ActiveCfg = Release|Any CPU
		{7CFDF666-4FA5-48BA-854A-34B19C00AD5D}.Release|x64.Build.0 = Release|Any CPU
		{7CFDF666-4FA5-48BA-854A-34B19C00AD5D}.Release|x86.ActiveCfg = Release|Any CPU
		{7CFDF666-4FA5-48BA-854A-34B19C00AD5D}.Release|x86.Build.0 = Release|Any CPU
		{D28B93CA-6F68-47FD-99AB-5A31775AB35D}.Debug|Any CPU.ActiveCfg = Debug|Any CPU
		{D28B93CA-6F68-47FD-99AB-5A31775AB35D}.Debug|Any CPU.Build.0 = Debug|Any CPU
		{D28B93CA-6F68-47FD-99AB-5A31775AB35D}.Debug|x64.ActiveCfg = Debug|Any CPU
		{D28B93CA-6F68-47FD-99AB-5A31775AB35D}.Debug|x64.Build.0 = Debug|Any CPU
		{D28B93CA-6F68-47FD-99AB-5A31775AB35D}.Debug|x86.ActiveCfg = Debug|Any CPU
		{D28B93CA-6F68-47FD-99AB-5A31775AB35D}.Debug|x86.Build.0 = Debug|Any CPU
		{D28B93CA-6F68-47FD-99AB-5A31775AB35D}.Release|Any CPU.ActiveCfg = Release|Any CPU
		{D28B93CA-6F68-47FD-99AB-5A31775AB35D}.Release|Any CPU.Build.0 = Release|Any CPU
		{D28B93CA-6F68-47FD-99AB-5A31775AB35D}.Release|x64.ActiveCfg = Release|Any CPU
		{D28B93CA-6F68-47FD-99AB-5A31775AB35D}.Release|x64.Build.0 = Release|Any CPU
		{D28B93CA-6F68-47FD-99AB-5A31775AB35D}.Release|x86.ActiveCfg = Release|Any CPU
		{D28B93CA-6F68-47FD-99AB-5A31775AB35D}.Release|x86.Build.0 = Release|Any CPU
		{60F94926-0C65-4008-A2B0-0E34EF374C81}.Debug|Any CPU.ActiveCfg = Debug|Any CPU
		{60F94926-0C65-4008-A2B0-0E34EF374C81}.Debug|Any CPU.Build.0 = Debug|Any CPU
		{60F94926-0C65-4008-A2B0-0E34EF374C81}.Debug|x64.ActiveCfg = Debug|Any CPU
		{60F94926-0C65-4008-A2B0-0E34EF374C81}.Debug|x64.Build.0 = Debug|Any CPU
		{60F94926-0C65-4008-A2B0-0E34EF374C81}.Debug|x86.ActiveCfg = Debug|Any CPU
		{60F94926-0C65-4008-A2B0-0E34EF374C81}.Debug|x86.Build.0 = Debug|Any CPU
		{60F94926-0C65-4008-A2B0-0E34EF374C81}.Release|Any CPU.ActiveCfg = Release|Any CPU
		{60F94926-0C65-4008-A2B0-0E34EF374C81}.Release|Any CPU.Build.0 = Release|Any CPU
		{60F94926-0C65-4008-A2B0-0E34EF374C81}.Release|x64.ActiveCfg = Release|Any CPU
		{60F94926-0C65-4008-A2B0-0E34EF374C81}.Release|x64.Build.0 = Release|Any CPU
		{60F94926-0C65-4008-A2B0-0E34EF374C81}.Release|x86.ActiveCfg = Release|Any CPU
		{60F94926-0C65-4008-A2B0-0E34EF374C81}.Release|x86.Build.0 = Release|Any CPU
		{2A7A1B99-C8BA-40F2-B79E-5452DA8D72DD}.Debug|Any CPU.ActiveCfg = Debug|Any CPU
		{2A7A1B99-C8BA-40F2-B79E-5452DA8D72DD}.Debug|Any CPU.Build.0 = Debug|Any CPU
		{2A7A1B99-C8BA-40F2-B79E-5452DA8D72DD}.Debug|x64.ActiveCfg = Debug|Any CPU
		{2A7A1B99-C8BA-40F2-B79E-5452DA8D72DD}.Debug|x64.Build.0 = Debug|Any CPU
		{2A7A1B99-C8BA-40F2-B79E-5452DA8D72DD}.Debug|x86.ActiveCfg = Debug|Any CPU
		{2A7A1B99-C8BA-40F2-B79E-5452DA8D72DD}.Debug|x86.Build.0 = Debug|Any CPU
		{2A7A1B99-C8BA-40F2-B79E-5452DA8D72DD}.Release|Any CPU.ActiveCfg = Release|Any CPU
		{2A7A1B99-C8BA-40F2-B79E-5452DA8D72DD}.Release|Any CPU.Build.0 = Release|Any CPU
		{2A7A1B99-C8BA-40F2-B79E-5452DA8D72DD}.Release|x64.ActiveCfg = Release|Any CPU
		{2A7A1B99-C8BA-40F2-B79E-5452DA8D72DD}.Release|x64.Build.0 = Release|Any CPU
		{2A7A1B99-C8BA-40F2-B79E-5452DA8D72DD}.Release|x86.ActiveCfg = Release|Any CPU
		{2A7A1B99-C8BA-40F2-B79E-5452DA8D72DD}.Release|x86.Build.0 = Release|Any CPU
		{433CC79B-713D-4263-A949-C46D197F6CC9}.Debug|Any CPU.ActiveCfg = Debug|Any CPU
		{433CC79B-713D-4263-A949-C46D197F6CC9}.Debug|Any CPU.Build.0 = Debug|Any CPU
		{433CC79B-713D-4263-A949-C46D197F6CC9}.Debug|x64.ActiveCfg = Debug|Any CPU
		{433CC79B-713D-4263-A949-C46D197F6CC9}.Debug|x64.Build.0 = Debug|Any CPU
		{433CC79B-713D-4263-A949-C46D197F6CC9}.Debug|x86.ActiveCfg = Debug|Any CPU
		{433CC79B-713D-4263-A949-C46D197F6CC9}.Debug|x86.Build.0 = Debug|Any CPU
		{433CC79B-713D-4263-A949-C46D197F6CC9}.Release|Any CPU.ActiveCfg = Release|Any CPU
		{433CC79B-713D-4263-A949-C46D197F6CC9}.Release|Any CPU.Build.0 = Release|Any CPU
		{433CC79B-713D-4263-A949-C46D197F6CC9}.Release|x64.ActiveCfg = Release|Any CPU
		{433CC79B-713D-4263-A949-C46D197F6CC9}.Release|x64.Build.0 = Release|Any CPU
		{433CC79B-713D-4263-A949-C46D197F6CC9}.Release|x86.ActiveCfg = Release|Any CPU
		{433CC79B-713D-4263-A949-C46D197F6CC9}.Release|x86.Build.0 = Release|Any CPU
		{83123776-6A96-4A78-B510-D16AEE0483C0}.Debug|Any CPU.ActiveCfg = Debug|Any CPU
		{83123776-6A96-4A78-B510-D16AEE0483C0}.Debug|Any CPU.Build.0 = Debug|Any CPU
		{83123776-6A96-4A78-B510-D16AEE0483C0}.Debug|x64.ActiveCfg = Debug|Any CPU
		{83123776-6A96-4A78-B510-D16AEE0483C0}.Debug|x64.Build.0 = Debug|Any CPU
		{83123776-6A96-4A78-B510-D16AEE0483C0}.Debug|x86.ActiveCfg = Debug|Any CPU
		{83123776-6A96-4A78-B510-D16AEE0483C0}.Debug|x86.Build.0 = Debug|Any CPU
		{83123776-6A96-4A78-B510-D16AEE0483C0}.Release|Any CPU.ActiveCfg = Release|Any CPU
		{83123776-6A96-4A78-B510-D16AEE0483C0}.Release|Any CPU.Build.0 = Release|Any CPU
		{83123776-6A96-4A78-B510-D16AEE0483C0}.Release|x64.ActiveCfg = Release|Any CPU
		{83123776-6A96-4A78-B510-D16AEE0483C0}.Release|x64.Build.0 = Release|Any CPU
		{83123776-6A96-4A78-B510-D16AEE0483C0}.Release|x86.ActiveCfg = Release|Any CPU
		{83123776-6A96-4A78-B510-D16AEE0483C0}.Release|x86.Build.0 = Release|Any CPU
		{DECF2330-6D58-4FCB-A64D-8F69D24BD016}.Debug|Any CPU.ActiveCfg = Debug|Any CPU
		{DECF2330-6D58-4FCB-A64D-8F69D24BD016}.Debug|Any CPU.Build.0 = Debug|Any CPU
		{DECF2330-6D58-4FCB-A64D-8F69D24BD016}.Debug|x64.ActiveCfg = Debug|Any CPU
		{DECF2330-6D58-4FCB-A64D-8F69D24BD016}.Debug|x64.Build.0 = Debug|Any CPU
		{DECF2330-6D58-4FCB-A64D-8F69D24BD016}.Debug|x86.ActiveCfg = Debug|Any CPU
		{DECF2330-6D58-4FCB-A64D-8F69D24BD016}.Debug|x86.Build.0 = Debug|Any CPU
		{DECF2330-6D58-4FCB-A64D-8F69D24BD016}.Release|Any CPU.ActiveCfg = Release|Any CPU
		{DECF2330-6D58-4FCB-A64D-8F69D24BD016}.Release|Any CPU.Build.0 = Release|Any CPU
		{DECF2330-6D58-4FCB-A64D-8F69D24BD016}.Release|x64.ActiveCfg = Release|Any CPU
		{DECF2330-6D58-4FCB-A64D-8F69D24BD016}.Release|x64.Build.0 = Release|Any CPU
		{DECF2330-6D58-4FCB-A64D-8F69D24BD016}.Release|x86.ActiveCfg = Release|Any CPU
		{DECF2330-6D58-4FCB-A64D-8F69D24BD016}.Release|x86.Build.0 = Release|Any CPU
		{42F3776D-B124-432B-A4AA-3238996A62FC}.Debug|Any CPU.ActiveCfg = Debug|Any CPU
		{42F3776D-B124-432B-A4AA-3238996A62FC}.Debug|Any CPU.Build.0 = Debug|Any CPU
		{42F3776D-B124-432B-A4AA-3238996A62FC}.Debug|x64.ActiveCfg = Debug|Any CPU
		{42F3776D-B124-432B-A4AA-3238996A62FC}.Debug|x64.Build.0 = Debug|Any CPU
		{42F3776D-B124-432B-A4AA-3238996A62FC}.Debug|x86.ActiveCfg = Debug|Any CPU
		{42F3776D-B124-432B-A4AA-3238996A62FC}.Debug|x86.Build.0 = Debug|Any CPU
		{42F3776D-B124-432B-A4AA-3238996A62FC}.Release|Any CPU.ActiveCfg = Release|Any CPU
		{42F3776D-B124-432B-A4AA-3238996A62FC}.Release|Any CPU.Build.0 = Release|Any CPU
		{42F3776D-B124-432B-A4AA-3238996A62FC}.Release|x64.ActiveCfg = Release|Any CPU
		{42F3776D-B124-432B-A4AA-3238996A62FC}.Release|x64.Build.0 = Release|Any CPU
		{42F3776D-B124-432B-A4AA-3238996A62FC}.Release|x86.ActiveCfg = Release|Any CPU
		{42F3776D-B124-432B-A4AA-3238996A62FC}.Release|x86.Build.0 = Release|Any CPU
		{90193EFC-7B46-4259-926F-1B05FC307E93}.Debug|Any CPU.ActiveCfg = Debug|Any CPU
		{90193EFC-7B46-4259-926F-1B05FC307E93}.Debug|Any CPU.Build.0 = Debug|Any CPU
		{90193EFC-7B46-4259-926F-1B05FC307E93}.Debug|x64.ActiveCfg = Debug|Any CPU
		{90193EFC-7B46-4259-926F-1B05FC307E93}.Debug|x64.Build.0 = Debug|Any CPU
		{90193EFC-7B46-4259-926F-1B05FC307E93}.Debug|x86.ActiveCfg = Debug|Any CPU
		{90193EFC-7B46-4259-926F-1B05FC307E93}.Debug|x86.Build.0 = Debug|Any CPU
		{90193EFC-7B46-4259-926F-1B05FC307E93}.Release|Any CPU.ActiveCfg = Release|Any CPU
		{90193EFC-7B46-4259-926F-1B05FC307E93}.Release|Any CPU.Build.0 = Release|Any CPU
		{90193EFC-7B46-4259-926F-1B05FC307E93}.Release|x64.ActiveCfg = Release|Any CPU
		{90193EFC-7B46-4259-926F-1B05FC307E93}.Release|x64.Build.0 = Release|Any CPU
		{90193EFC-7B46-4259-926F-1B05FC307E93}.Release|x86.ActiveCfg = Release|Any CPU
		{90193EFC-7B46-4259-926F-1B05FC307E93}.Release|x86.Build.0 = Release|Any CPU
		{70F1D356-2107-43BA-8D1D-DDAEE2350FB5}.Debug|Any CPU.ActiveCfg = Debug|Any CPU
		{70F1D356-2107-43BA-8D1D-DDAEE2350FB5}.Debug|Any CPU.Build.0 = Debug|Any CPU
		{70F1D356-2107-43BA-8D1D-DDAEE2350FB5}.Debug|x64.ActiveCfg = Debug|Any CPU
		{70F1D356-2107-43BA-8D1D-DDAEE2350FB5}.Debug|x64.Build.0 = Debug|Any CPU
		{70F1D356-2107-43BA-8D1D-DDAEE2350FB5}.Debug|x86.ActiveCfg = Debug|Any CPU
		{70F1D356-2107-43BA-8D1D-DDAEE2350FB5}.Debug|x86.Build.0 = Debug|Any CPU
		{70F1D356-2107-43BA-8D1D-DDAEE2350FB5}.Release|Any CPU.ActiveCfg = Release|Any CPU
		{70F1D356-2107-43BA-8D1D-DDAEE2350FB5}.Release|Any CPU.Build.0 = Release|Any CPU
		{70F1D356-2107-43BA-8D1D-DDAEE2350FB5}.Release|x64.ActiveCfg = Release|Any CPU
		{70F1D356-2107-43BA-8D1D-DDAEE2350FB5}.Release|x64.Build.0 = Release|Any CPU
		{70F1D356-2107-43BA-8D1D-DDAEE2350FB5}.Release|x86.ActiveCfg = Release|Any CPU
		{70F1D356-2107-43BA-8D1D-DDAEE2350FB5}.Release|x86.Build.0 = Release|Any CPU
		{5BF2C16B-FB66-4C3C-BF85-E92D23A56C60}.Debug|Any CPU.ActiveCfg = Debug|Any CPU
		{5BF2C16B-FB66-4C3C-BF85-E92D23A56C60}.Debug|Any CPU.Build.0 = Debug|Any CPU
		{5BF2C16B-FB66-4C3C-BF85-E92D23A56C60}.Debug|x64.ActiveCfg = Debug|Any CPU
		{5BF2C16B-FB66-4C3C-BF85-E92D23A56C60}.Debug|x64.Build.0 = Debug|Any CPU
		{5BF2C16B-FB66-4C3C-BF85-E92D23A56C60}.Debug|x86.ActiveCfg = Debug|Any CPU
		{5BF2C16B-FB66-4C3C-BF85-E92D23A56C60}.Debug|x86.Build.0 = Debug|Any CPU
		{5BF2C16B-FB66-4C3C-BF85-E92D23A56C60}.Release|Any CPU.ActiveCfg = Release|Any CPU
		{5BF2C16B-FB66-4C3C-BF85-E92D23A56C60}.Release|Any CPU.Build.0 = Release|Any CPU
		{5BF2C16B-FB66-4C3C-BF85-E92D23A56C60}.Release|x64.ActiveCfg = Release|Any CPU
		{5BF2C16B-FB66-4C3C-BF85-E92D23A56C60}.Release|x64.Build.0 = Release|Any CPU
		{5BF2C16B-FB66-4C3C-BF85-E92D23A56C60}.Release|x86.ActiveCfg = Release|Any CPU
		{5BF2C16B-FB66-4C3C-BF85-E92D23A56C60}.Release|x86.Build.0 = Release|Any CPU
		{A2C2E77D-3003-4B9D-97BF-A69BD2B08004}.Debug|Any CPU.ActiveCfg = Debug|Any CPU
		{A2C2E77D-3003-4B9D-97BF-A69BD2B08004}.Debug|Any CPU.Build.0 = Debug|Any CPU
		{A2C2E77D-3003-4B9D-97BF-A69BD2B08004}.Debug|x64.ActiveCfg = Debug|Any CPU
		{A2C2E77D-3003-4B9D-97BF-A69BD2B08004}.Debug|x64.Build.0 = Debug|Any CPU
		{A2C2E77D-3003-4B9D-97BF-A69BD2B08004}.Debug|x86.ActiveCfg = Debug|Any CPU
		{A2C2E77D-3003-4B9D-97BF-A69BD2B08004}.Debug|x86.Build.0 = Debug|Any CPU
		{A2C2E77D-3003-4B9D-97BF-A69BD2B08004}.Release|Any CPU.ActiveCfg = Release|Any CPU
		{A2C2E77D-3003-4B9D-97BF-A69BD2B08004}.Release|Any CPU.Build.0 = Release|Any CPU
		{A2C2E77D-3003-4B9D-97BF-A69BD2B08004}.Release|x64.ActiveCfg = Release|Any CPU
		{A2C2E77D-3003-4B9D-97BF-A69BD2B08004}.Release|x64.Build.0 = Release|Any CPU
		{A2C2E77D-3003-4B9D-97BF-A69BD2B08004}.Release|x86.ActiveCfg = Release|Any CPU
		{A2C2E77D-3003-4B9D-97BF-A69BD2B08004}.Release|x86.Build.0 = Release|Any CPU
		{3FEA5F5E-1EB2-41D6-B960-45B623F11F2C}.Debug|Any CPU.ActiveCfg = Debug|Any CPU
		{3FEA5F5E-1EB2-41D6-B960-45B623F11F2C}.Debug|Any CPU.Build.0 = Debug|Any CPU
		{3FEA5F5E-1EB2-41D6-B960-45B623F11F2C}.Debug|x64.ActiveCfg = Debug|Any CPU
		{3FEA5F5E-1EB2-41D6-B960-45B623F11F2C}.Debug|x64.Build.0 = Debug|Any CPU
		{3FEA5F5E-1EB2-41D6-B960-45B623F11F2C}.Debug|x86.ActiveCfg = Debug|Any CPU
		{3FEA5F5E-1EB2-41D6-B960-45B623F11F2C}.Debug|x86.Build.0 = Debug|Any CPU
		{3FEA5F5E-1EB2-41D6-B960-45B623F11F2C}.Release|Any CPU.ActiveCfg = Release|Any CPU
		{3FEA5F5E-1EB2-41D6-B960-45B623F11F2C}.Release|Any CPU.Build.0 = Release|Any CPU
		{3FEA5F5E-1EB2-41D6-B960-45B623F11F2C}.Release|x64.ActiveCfg = Release|Any CPU
		{3FEA5F5E-1EB2-41D6-B960-45B623F11F2C}.Release|x64.Build.0 = Release|Any CPU
		{3FEA5F5E-1EB2-41D6-B960-45B623F11F2C}.Release|x86.ActiveCfg = Release|Any CPU
		{3FEA5F5E-1EB2-41D6-B960-45B623F11F2C}.Release|x86.Build.0 = Release|Any CPU
		{4A709B4F-F00D-48F4-861E-EC0BD4D41A4B}.Debug|Any CPU.ActiveCfg = Debug|Any CPU
		{4A709B4F-F00D-48F4-861E-EC0BD4D41A4B}.Debug|Any CPU.Build.0 = Debug|Any CPU
		{4A709B4F-F00D-48F4-861E-EC0BD4D41A4B}.Debug|x64.ActiveCfg = Debug|Any CPU
		{4A709B4F-F00D-48F4-861E-EC0BD4D41A4B}.Debug|x64.Build.0 = Debug|Any CPU
		{4A709B4F-F00D-48F4-861E-EC0BD4D41A4B}.Debug|x86.ActiveCfg = Debug|Any CPU
		{4A709B4F-F00D-48F4-861E-EC0BD4D41A4B}.Debug|x86.Build.0 = Debug|Any CPU
		{4A709B4F-F00D-48F4-861E-EC0BD4D41A4B}.Release|Any CPU.ActiveCfg = Release|Any CPU
		{4A709B4F-F00D-48F4-861E-EC0BD4D41A4B}.Release|Any CPU.Build.0 = Release|Any CPU
		{4A709B4F-F00D-48F4-861E-EC0BD4D41A4B}.Release|x64.ActiveCfg = Release|Any CPU
		{4A709B4F-F00D-48F4-861E-EC0BD4D41A4B}.Release|x64.Build.0 = Release|Any CPU
		{4A709B4F-F00D-48F4-861E-EC0BD4D41A4B}.Release|x86.ActiveCfg = Release|Any CPU
		{4A709B4F-F00D-48F4-861E-EC0BD4D41A4B}.Release|x86.Build.0 = Release|Any CPU
		{C7597C45-8979-4C08-A433-27AB6DBA9423}.Debug|Any CPU.ActiveCfg = Debug|Any CPU
		{C7597C45-8979-4C08-A433-27AB6DBA9423}.Debug|Any CPU.Build.0 = Debug|Any CPU
		{C7597C45-8979-4C08-A433-27AB6DBA9423}.Debug|x64.ActiveCfg = Debug|Any CPU
		{C7597C45-8979-4C08-A433-27AB6DBA9423}.Debug|x64.Build.0 = Debug|Any CPU
		{C7597C45-8979-4C08-A433-27AB6DBA9423}.Debug|x86.ActiveCfg = Debug|Any CPU
		{C7597C45-8979-4C08-A433-27AB6DBA9423}.Debug|x86.Build.0 = Debug|Any CPU
		{C7597C45-8979-4C08-A433-27AB6DBA9423}.Release|Any CPU.ActiveCfg = Release|Any CPU
		{C7597C45-8979-4C08-A433-27AB6DBA9423}.Release|Any CPU.Build.0 = Release|Any CPU
		{C7597C45-8979-4C08-A433-27AB6DBA9423}.Release|x64.ActiveCfg = Release|Any CPU
		{C7597C45-8979-4C08-A433-27AB6DBA9423}.Release|x64.Build.0 = Release|Any CPU
		{C7597C45-8979-4C08-A433-27AB6DBA9423}.Release|x86.ActiveCfg = Release|Any CPU
		{C7597C45-8979-4C08-A433-27AB6DBA9423}.Release|x86.Build.0 = Release|Any CPU
		{F544DDF8-AC5D-4E46-A8D3-3BB6425C9C0E}.Debug|Any CPU.ActiveCfg = Debug|Any CPU
		{F544DDF8-AC5D-4E46-A8D3-3BB6425C9C0E}.Debug|Any CPU.Build.0 = Debug|Any CPU
		{F544DDF8-AC5D-4E46-A8D3-3BB6425C9C0E}.Debug|x64.ActiveCfg = Debug|Any CPU
		{F544DDF8-AC5D-4E46-A8D3-3BB6425C9C0E}.Debug|x64.Build.0 = Debug|Any CPU
		{F544DDF8-AC5D-4E46-A8D3-3BB6425C9C0E}.Debug|x86.ActiveCfg = Debug|Any CPU
		{F544DDF8-AC5D-4E46-A8D3-3BB6425C9C0E}.Debug|x86.Build.0 = Debug|Any CPU
		{F544DDF8-AC5D-4E46-A8D3-3BB6425C9C0E}.Release|Any CPU.ActiveCfg = Release|Any CPU
		{F544DDF8-AC5D-4E46-A8D3-3BB6425C9C0E}.Release|Any CPU.Build.0 = Release|Any CPU
		{F544DDF8-AC5D-4E46-A8D3-3BB6425C9C0E}.Release|x64.ActiveCfg = Release|Any CPU
		{F544DDF8-AC5D-4E46-A8D3-3BB6425C9C0E}.Release|x64.Build.0 = Release|Any CPU
		{F544DDF8-AC5D-4E46-A8D3-3BB6425C9C0E}.Release|x86.ActiveCfg = Release|Any CPU
		{F544DDF8-AC5D-4E46-A8D3-3BB6425C9C0E}.Release|x86.Build.0 = Release|Any CPU
		{A8C7D474-16BC-4042-AC54-5F7BBC705E01}.Debug|Any CPU.ActiveCfg = Debug|Any CPU
		{A8C7D474-16BC-4042-AC54-5F7BBC705E01}.Debug|Any CPU.Build.0 = Debug|Any CPU
		{A8C7D474-16BC-4042-AC54-5F7BBC705E01}.Debug|x64.ActiveCfg = Debug|Any CPU
		{A8C7D474-16BC-4042-AC54-5F7BBC705E01}.Debug|x64.Build.0 = Debug|Any CPU
		{A8C7D474-16BC-4042-AC54-5F7BBC705E01}.Debug|x86.ActiveCfg = Debug|Any CPU
		{A8C7D474-16BC-4042-AC54-5F7BBC705E01}.Debug|x86.Build.0 = Debug|Any CPU
		{A8C7D474-16BC-4042-AC54-5F7BBC705E01}.Release|Any CPU.ActiveCfg = Release|Any CPU
		{A8C7D474-16BC-4042-AC54-5F7BBC705E01}.Release|Any CPU.Build.0 = Release|Any CPU
		{A8C7D474-16BC-4042-AC54-5F7BBC705E01}.Release|x64.ActiveCfg = Release|Any CPU
		{A8C7D474-16BC-4042-AC54-5F7BBC705E01}.Release|x64.Build.0 = Release|Any CPU
		{A8C7D474-16BC-4042-AC54-5F7BBC705E01}.Release|x86.ActiveCfg = Release|Any CPU
		{A8C7D474-16BC-4042-AC54-5F7BBC705E01}.Release|x86.Build.0 = Release|Any CPU
		{584C8CAF-CDB8-4B20-BD7F-BBF36E18A0F4}.Debug|Any CPU.ActiveCfg = Debug|Any CPU
		{584C8CAF-CDB8-4B20-BD7F-BBF36E18A0F4}.Debug|Any CPU.Build.0 = Debug|Any CPU
		{584C8CAF-CDB8-4B20-BD7F-BBF36E18A0F4}.Debug|x64.ActiveCfg = Debug|Any CPU
		{584C8CAF-CDB8-4B20-BD7F-BBF36E18A0F4}.Debug|x64.Build.0 = Debug|Any CPU
		{584C8CAF-CDB8-4B20-BD7F-BBF36E18A0F4}.Debug|x86.ActiveCfg = Debug|Any CPU
		{584C8CAF-CDB8-4B20-BD7F-BBF36E18A0F4}.Debug|x86.Build.0 = Debug|Any CPU
		{584C8CAF-CDB8-4B20-BD7F-BBF36E18A0F4}.Release|Any CPU.ActiveCfg = Release|Any CPU
		{584C8CAF-CDB8-4B20-BD7F-BBF36E18A0F4}.Release|Any CPU.Build.0 = Release|Any CPU
		{584C8CAF-CDB8-4B20-BD7F-BBF36E18A0F4}.Release|x64.ActiveCfg = Release|Any CPU
		{584C8CAF-CDB8-4B20-BD7F-BBF36E18A0F4}.Release|x64.Build.0 = Release|Any CPU
		{584C8CAF-CDB8-4B20-BD7F-BBF36E18A0F4}.Release|x86.ActiveCfg = Release|Any CPU
		{584C8CAF-CDB8-4B20-BD7F-BBF36E18A0F4}.Release|x86.Build.0 = Release|Any CPU
		{5B8C1E91-8E29-42AC-91EA-4439022A3552}.Debug|Any CPU.ActiveCfg = Debug|Any CPU
		{5B8C1E91-8E29-42AC-91EA-4439022A3552}.Debug|Any CPU.Build.0 = Debug|Any CPU
		{5B8C1E91-8E29-42AC-91EA-4439022A3552}.Debug|x64.ActiveCfg = Debug|Any CPU
		{5B8C1E91-8E29-42AC-91EA-4439022A3552}.Debug|x64.Build.0 = Debug|Any CPU
		{5B8C1E91-8E29-42AC-91EA-4439022A3552}.Debug|x86.ActiveCfg = Debug|Any CPU
		{5B8C1E91-8E29-42AC-91EA-4439022A3552}.Debug|x86.Build.0 = Debug|Any CPU
		{5B8C1E91-8E29-42AC-91EA-4439022A3552}.Release|Any CPU.ActiveCfg = Release|Any CPU
		{5B8C1E91-8E29-42AC-91EA-4439022A3552}.Release|Any CPU.Build.0 = Release|Any CPU
		{5B8C1E91-8E29-42AC-91EA-4439022A3552}.Release|x64.ActiveCfg = Release|Any CPU
		{5B8C1E91-8E29-42AC-91EA-4439022A3552}.Release|x64.Build.0 = Release|Any CPU
		{5B8C1E91-8E29-42AC-91EA-4439022A3552}.Release|x86.ActiveCfg = Release|Any CPU
		{5B8C1E91-8E29-42AC-91EA-4439022A3552}.Release|x86.Build.0 = Release|Any CPU
		{9A22F780-D436-48FF-B775-3F11FF5A9D77}.Debug|Any CPU.ActiveCfg = Debug|Any CPU
		{9A22F780-D436-48FF-B775-3F11FF5A9D77}.Debug|Any CPU.Build.0 = Debug|Any CPU
		{9A22F780-D436-48FF-B775-3F11FF5A9D77}.Debug|x64.ActiveCfg = Debug|Any CPU
		{9A22F780-D436-48FF-B775-3F11FF5A9D77}.Debug|x64.Build.0 = Debug|Any CPU
		{9A22F780-D436-48FF-B775-3F11FF5A9D77}.Debug|x86.ActiveCfg = Debug|Any CPU
		{9A22F780-D436-48FF-B775-3F11FF5A9D77}.Debug|x86.Build.0 = Debug|Any CPU
		{9A22F780-D436-48FF-B775-3F11FF5A9D77}.Release|Any CPU.ActiveCfg = Release|Any CPU
		{9A22F780-D436-48FF-B775-3F11FF5A9D77}.Release|Any CPU.Build.0 = Release|Any CPU
		{9A22F780-D436-48FF-B775-3F11FF5A9D77}.Release|x64.ActiveCfg = Release|Any CPU
		{9A22F780-D436-48FF-B775-3F11FF5A9D77}.Release|x64.Build.0 = Release|Any CPU
		{9A22F780-D436-48FF-B775-3F11FF5A9D77}.Release|x86.ActiveCfg = Release|Any CPU
		{9A22F780-D436-48FF-B775-3F11FF5A9D77}.Release|x86.Build.0 = Release|Any CPU
		{5A08BDD7-3DA7-446D-A591-1FB86214E69A}.Debug|Any CPU.ActiveCfg = Debug|Any CPU
		{5A08BDD7-3DA7-446D-A591-1FB86214E69A}.Debug|Any CPU.Build.0 = Debug|Any CPU
		{5A08BDD7-3DA7-446D-A591-1FB86214E69A}.Debug|x64.ActiveCfg = Debug|Any CPU
		{5A08BDD7-3DA7-446D-A591-1FB86214E69A}.Debug|x64.Build.0 = Debug|Any CPU
		{5A08BDD7-3DA7-446D-A591-1FB86214E69A}.Debug|x86.ActiveCfg = Debug|Any CPU
		{5A08BDD7-3DA7-446D-A591-1FB86214E69A}.Debug|x86.Build.0 = Debug|Any CPU
		{5A08BDD7-3DA7-446D-A591-1FB86214E69A}.Release|Any CPU.ActiveCfg = Release|Any CPU
		{5A08BDD7-3DA7-446D-A591-1FB86214E69A}.Release|Any CPU.Build.0 = Release|Any CPU
		{5A08BDD7-3DA7-446D-A591-1FB86214E69A}.Release|x64.ActiveCfg = Release|Any CPU
		{5A08BDD7-3DA7-446D-A591-1FB86214E69A}.Release|x64.Build.0 = Release|Any CPU
		{5A08BDD7-3DA7-446D-A591-1FB86214E69A}.Release|x86.ActiveCfg = Release|Any CPU
		{5A08BDD7-3DA7-446D-A591-1FB86214E69A}.Release|x86.Build.0 = Release|Any CPU
		{59DA2C8E-3E16-492A-BFA3-722F97F49708}.Debug|Any CPU.ActiveCfg = Debug|Any CPU
		{59DA2C8E-3E16-492A-BFA3-722F97F49708}.Debug|Any CPU.Build.0 = Debug|Any CPU
		{59DA2C8E-3E16-492A-BFA3-722F97F49708}.Debug|x64.ActiveCfg = Debug|Any CPU
		{59DA2C8E-3E16-492A-BFA3-722F97F49708}.Debug|x64.Build.0 = Debug|Any CPU
		{59DA2C8E-3E16-492A-BFA3-722F97F49708}.Debug|x86.ActiveCfg = Debug|Any CPU
		{59DA2C8E-3E16-492A-BFA3-722F97F49708}.Debug|x86.Build.0 = Debug|Any CPU
		{59DA2C8E-3E16-492A-BFA3-722F97F49708}.Release|Any CPU.ActiveCfg = Release|Any CPU
		{59DA2C8E-3E16-492A-BFA3-722F97F49708}.Release|Any CPU.Build.0 = Release|Any CPU
		{59DA2C8E-3E16-492A-BFA3-722F97F49708}.Release|x64.ActiveCfg = Release|Any CPU
		{59DA2C8E-3E16-492A-BFA3-722F97F49708}.Release|x64.Build.0 = Release|Any CPU
		{59DA2C8E-3E16-492A-BFA3-722F97F49708}.Release|x86.ActiveCfg = Release|Any CPU
		{59DA2C8E-3E16-492A-BFA3-722F97F49708}.Release|x86.Build.0 = Release|Any CPU
		{9A757124-A697-4025-8779-2CAF622835FA}.Debug|Any CPU.ActiveCfg = Debug|Any CPU
		{9A757124-A697-4025-8779-2CAF622835FA}.Debug|Any CPU.Build.0 = Debug|Any CPU
		{9A757124-A697-4025-8779-2CAF622835FA}.Debug|x64.ActiveCfg = Debug|Any CPU
		{9A757124-A697-4025-8779-2CAF622835FA}.Debug|x64.Build.0 = Debug|Any CPU
		{9A757124-A697-4025-8779-2CAF622835FA}.Debug|x86.ActiveCfg = Debug|Any CPU
		{9A757124-A697-4025-8779-2CAF622835FA}.Debug|x86.Build.0 = Debug|Any CPU
		{9A757124-A697-4025-8779-2CAF622835FA}.Release|Any CPU.ActiveCfg = Release|Any CPU
		{9A757124-A697-4025-8779-2CAF622835FA}.Release|Any CPU.Build.0 = Release|Any CPU
		{9A757124-A697-4025-8779-2CAF622835FA}.Release|x64.ActiveCfg = Release|Any CPU
		{9A757124-A697-4025-8779-2CAF622835FA}.Release|x64.Build.0 = Release|Any CPU
		{9A757124-A697-4025-8779-2CAF622835FA}.Release|x86.ActiveCfg = Release|Any CPU
		{9A757124-A697-4025-8779-2CAF622835FA}.Release|x86.Build.0 = Release|Any CPU
		{91590C71-90B3-4E08-908B-2A02E81D46C6}.Debug|Any CPU.ActiveCfg = Debug|Any CPU
		{91590C71-90B3-4E08-908B-2A02E81D46C6}.Debug|Any CPU.Build.0 = Debug|Any CPU
		{91590C71-90B3-4E08-908B-2A02E81D46C6}.Debug|x64.ActiveCfg = Debug|Any CPU
		{91590C71-90B3-4E08-908B-2A02E81D46C6}.Debug|x64.Build.0 = Debug|Any CPU
		{91590C71-90B3-4E08-908B-2A02E81D46C6}.Debug|x86.ActiveCfg = Debug|Any CPU
		{91590C71-90B3-4E08-908B-2A02E81D46C6}.Debug|x86.Build.0 = Debug|Any CPU
		{91590C71-90B3-4E08-908B-2A02E81D46C6}.Release|Any CPU.ActiveCfg = Release|Any CPU
		{91590C71-90B3-4E08-908B-2A02E81D46C6}.Release|Any CPU.Build.0 = Release|Any CPU
		{91590C71-90B3-4E08-908B-2A02E81D46C6}.Release|x64.ActiveCfg = Release|Any CPU
		{91590C71-90B3-4E08-908B-2A02E81D46C6}.Release|x64.Build.0 = Release|Any CPU
		{91590C71-90B3-4E08-908B-2A02E81D46C6}.Release|x86.ActiveCfg = Release|Any CPU
		{91590C71-90B3-4E08-908B-2A02E81D46C6}.Release|x86.Build.0 = Release|Any CPU
		{C6977192-063B-4EBE-A1C3-EE99FFE6B465}.Debug|Any CPU.ActiveCfg = Debug|Any CPU
		{C6977192-063B-4EBE-A1C3-EE99FFE6B465}.Debug|Any CPU.Build.0 = Debug|Any CPU
		{C6977192-063B-4EBE-A1C3-EE99FFE6B465}.Debug|x64.ActiveCfg = Debug|Any CPU
		{C6977192-063B-4EBE-A1C3-EE99FFE6B465}.Debug|x64.Build.0 = Debug|Any CPU
		{C6977192-063B-4EBE-A1C3-EE99FFE6B465}.Debug|x86.ActiveCfg = Debug|Any CPU
		{C6977192-063B-4EBE-A1C3-EE99FFE6B465}.Debug|x86.Build.0 = Debug|Any CPU
		{C6977192-063B-4EBE-A1C3-EE99FFE6B465}.Release|Any CPU.ActiveCfg = Release|Any CPU
		{C6977192-063B-4EBE-A1C3-EE99FFE6B465}.Release|Any CPU.Build.0 = Release|Any CPU
		{C6977192-063B-4EBE-A1C3-EE99FFE6B465}.Release|x64.ActiveCfg = Release|Any CPU
		{C6977192-063B-4EBE-A1C3-EE99FFE6B465}.Release|x64.Build.0 = Release|Any CPU
		{C6977192-063B-4EBE-A1C3-EE99FFE6B465}.Release|x86.ActiveCfg = Release|Any CPU
		{C6977192-063B-4EBE-A1C3-EE99FFE6B465}.Release|x86.Build.0 = Release|Any CPU
		{DF7CF64C-8925-45A2-9CF2-F5EF3576858D}.Debug|Any CPU.ActiveCfg = Debug|Any CPU
		{DF7CF64C-8925-45A2-9CF2-F5EF3576858D}.Debug|Any CPU.Build.0 = Debug|Any CPU
		{DF7CF64C-8925-45A2-9CF2-F5EF3576858D}.Debug|x64.ActiveCfg = Debug|Any CPU
		{DF7CF64C-8925-45A2-9CF2-F5EF3576858D}.Debug|x64.Build.0 = Debug|Any CPU
		{DF7CF64C-8925-45A2-9CF2-F5EF3576858D}.Debug|x86.ActiveCfg = Debug|Any CPU
		{DF7CF64C-8925-45A2-9CF2-F5EF3576858D}.Debug|x86.Build.0 = Debug|Any CPU
		{DF7CF64C-8925-45A2-9CF2-F5EF3576858D}.Release|Any CPU.ActiveCfg = Release|Any CPU
		{DF7CF64C-8925-45A2-9CF2-F5EF3576858D}.Release|Any CPU.Build.0 = Release|Any CPU
		{DF7CF64C-8925-45A2-9CF2-F5EF3576858D}.Release|x64.ActiveCfg = Release|Any CPU
		{DF7CF64C-8925-45A2-9CF2-F5EF3576858D}.Release|x64.Build.0 = Release|Any CPU
		{DF7CF64C-8925-45A2-9CF2-F5EF3576858D}.Release|x86.ActiveCfg = Release|Any CPU
		{DF7CF64C-8925-45A2-9CF2-F5EF3576858D}.Release|x86.Build.0 = Release|Any CPU
		{45E86A1F-7CA7-4C4A-9A02-53A44ADB9F4A}.Debug|Any CPU.ActiveCfg = Debug|Any CPU
		{45E86A1F-7CA7-4C4A-9A02-53A44ADB9F4A}.Debug|Any CPU.Build.0 = Debug|Any CPU
		{45E86A1F-7CA7-4C4A-9A02-53A44ADB9F4A}.Debug|x64.ActiveCfg = Debug|Any CPU
		{45E86A1F-7CA7-4C4A-9A02-53A44ADB9F4A}.Debug|x64.Build.0 = Debug|Any CPU
		{45E86A1F-7CA7-4C4A-9A02-53A44ADB9F4A}.Debug|x86.ActiveCfg = Debug|Any CPU
		{45E86A1F-7CA7-4C4A-9A02-53A44ADB9F4A}.Debug|x86.Build.0 = Debug|Any CPU
		{45E86A1F-7CA7-4C4A-9A02-53A44ADB9F4A}.Release|Any CPU.ActiveCfg = Release|Any CPU
		{45E86A1F-7CA7-4C4A-9A02-53A44ADB9F4A}.Release|Any CPU.Build.0 = Release|Any CPU
		{45E86A1F-7CA7-4C4A-9A02-53A44ADB9F4A}.Release|x64.ActiveCfg = Release|Any CPU
		{45E86A1F-7CA7-4C4A-9A02-53A44ADB9F4A}.Release|x64.Build.0 = Release|Any CPU
		{45E86A1F-7CA7-4C4A-9A02-53A44ADB9F4A}.Release|x86.ActiveCfg = Release|Any CPU
		{45E86A1F-7CA7-4C4A-9A02-53A44ADB9F4A}.Release|x86.Build.0 = Release|Any CPU
		{EA4FBA6D-D826-42D8-8230-5E0130EAAEDE}.Debug|Any CPU.ActiveCfg = Debug|Any CPU
		{EA4FBA6D-D826-42D8-8230-5E0130EAAEDE}.Debug|Any CPU.Build.0 = Debug|Any CPU
		{EA4FBA6D-D826-42D8-8230-5E0130EAAEDE}.Debug|x64.ActiveCfg = Debug|Any CPU
		{EA4FBA6D-D826-42D8-8230-5E0130EAAEDE}.Debug|x64.Build.0 = Debug|Any CPU
		{EA4FBA6D-D826-42D8-8230-5E0130EAAEDE}.Debug|x86.ActiveCfg = Debug|Any CPU
		{EA4FBA6D-D826-42D8-8230-5E0130EAAEDE}.Debug|x86.Build.0 = Debug|Any CPU
		{EA4FBA6D-D826-42D8-8230-5E0130EAAEDE}.Release|Any CPU.ActiveCfg = Release|Any CPU
		{EA4FBA6D-D826-42D8-8230-5E0130EAAEDE}.Release|Any CPU.Build.0 = Release|Any CPU
		{EA4FBA6D-D826-42D8-8230-5E0130EAAEDE}.Release|x64.ActiveCfg = Release|Any CPU
		{EA4FBA6D-D826-42D8-8230-5E0130EAAEDE}.Release|x64.Build.0 = Release|Any CPU
		{EA4FBA6D-D826-42D8-8230-5E0130EAAEDE}.Release|x86.ActiveCfg = Release|Any CPU
		{EA4FBA6D-D826-42D8-8230-5E0130EAAEDE}.Release|x86.Build.0 = Release|Any CPU
		{8DAF9503-C166-4BC2-BE21-78E67C7E84D2}.Debug|Any CPU.ActiveCfg = Debug|Any CPU
		{8DAF9503-C166-4BC2-BE21-78E67C7E84D2}.Debug|Any CPU.Build.0 = Debug|Any CPU
		{8DAF9503-C166-4BC2-BE21-78E67C7E84D2}.Debug|x64.ActiveCfg = Debug|Any CPU
		{8DAF9503-C166-4BC2-BE21-78E67C7E84D2}.Debug|x64.Build.0 = Debug|Any CPU
		{8DAF9503-C166-4BC2-BE21-78E67C7E84D2}.Debug|x86.ActiveCfg = Debug|Any CPU
		{8DAF9503-C166-4BC2-BE21-78E67C7E84D2}.Debug|x86.Build.0 = Debug|Any CPU
		{8DAF9503-C166-4BC2-BE21-78E67C7E84D2}.Release|Any CPU.ActiveCfg = Release|Any CPU
		{8DAF9503-C166-4BC2-BE21-78E67C7E84D2}.Release|Any CPU.Build.0 = Release|Any CPU
		{8DAF9503-C166-4BC2-BE21-78E67C7E84D2}.Release|x64.ActiveCfg = Release|Any CPU
		{8DAF9503-C166-4BC2-BE21-78E67C7E84D2}.Release|x64.Build.0 = Release|Any CPU
		{8DAF9503-C166-4BC2-BE21-78E67C7E84D2}.Release|x86.ActiveCfg = Release|Any CPU
		{8DAF9503-C166-4BC2-BE21-78E67C7E84D2}.Release|x86.Build.0 = Release|Any CPU
		{86511301-36D1-4BE3-8430-AEB6B99D4A5F}.Debug|Any CPU.ActiveCfg = Debug|Any CPU
		{86511301-36D1-4BE3-8430-AEB6B99D4A5F}.Debug|Any CPU.Build.0 = Debug|Any CPU
		{86511301-36D1-4BE3-8430-AEB6B99D4A5F}.Debug|x64.ActiveCfg = Debug|Any CPU
		{86511301-36D1-4BE3-8430-AEB6B99D4A5F}.Debug|x64.Build.0 = Debug|Any CPU
		{86511301-36D1-4BE3-8430-AEB6B99D4A5F}.Debug|x86.ActiveCfg = Debug|Any CPU
		{86511301-36D1-4BE3-8430-AEB6B99D4A5F}.Debug|x86.Build.0 = Debug|Any CPU
		{86511301-36D1-4BE3-8430-AEB6B99D4A5F}.Release|Any CPU.ActiveCfg = Release|Any CPU
		{86511301-36D1-4BE3-8430-AEB6B99D4A5F}.Release|Any CPU.Build.0 = Release|Any CPU
		{86511301-36D1-4BE3-8430-AEB6B99D4A5F}.Release|x64.ActiveCfg = Release|Any CPU
		{86511301-36D1-4BE3-8430-AEB6B99D4A5F}.Release|x64.Build.0 = Release|Any CPU
		{86511301-36D1-4BE3-8430-AEB6B99D4A5F}.Release|x86.ActiveCfg = Release|Any CPU
		{86511301-36D1-4BE3-8430-AEB6B99D4A5F}.Release|x86.Build.0 = Release|Any CPU
		{62FB674C-FBA7-47E7-8634-5AC06E941406}.Debug|Any CPU.ActiveCfg = Debug|Any CPU
		{62FB674C-FBA7-47E7-8634-5AC06E941406}.Debug|Any CPU.Build.0 = Debug|Any CPU
		{62FB674C-FBA7-47E7-8634-5AC06E941406}.Debug|x64.ActiveCfg = Debug|Any CPU
		{62FB674C-FBA7-47E7-8634-5AC06E941406}.Debug|x64.Build.0 = Debug|Any CPU
		{62FB674C-FBA7-47E7-8634-5AC06E941406}.Debug|x86.ActiveCfg = Debug|Any CPU
		{62FB674C-FBA7-47E7-8634-5AC06E941406}.Debug|x86.Build.0 = Debug|Any CPU
		{62FB674C-FBA7-47E7-8634-5AC06E941406}.Release|Any CPU.ActiveCfg = Release|Any CPU
		{62FB674C-FBA7-47E7-8634-5AC06E941406}.Release|Any CPU.Build.0 = Release|Any CPU
		{62FB674C-FBA7-47E7-8634-5AC06E941406}.Release|x64.ActiveCfg = Release|Any CPU
		{62FB674C-FBA7-47E7-8634-5AC06E941406}.Release|x64.Build.0 = Release|Any CPU
		{62FB674C-FBA7-47E7-8634-5AC06E941406}.Release|x86.ActiveCfg = Release|Any CPU
		{62FB674C-FBA7-47E7-8634-5AC06E941406}.Release|x86.Build.0 = Release|Any CPU
	EndGlobalSection
	GlobalSection(SolutionProperties) = preSolution
		HideSolutionNode = FALSE
	EndGlobalSection
	GlobalSection(NestedProjects) = preSolution
		{2BE95243-1D14-C8AC-F946-8EA4CA4328BF} = {827E0CD3-B72D-47B6-A68D-7590B98EB39B}
		{C354106C-B1B3-4506-B615-59685A48A288} = {2BE95243-1D14-C8AC-F946-8EA4CA4328BF}
		{52A9088B-6E1B-4B0F-A8A6-2D0B5DBFC892} = {2BE95243-1D14-C8AC-F946-8EA4CA4328BF}
		{21308ABE-010E-415C-8201-0A1CB954C2C0} = {2BE95243-1D14-C8AC-F946-8EA4CA4328BF}
		{F118F14E-3423-54F3-A214-93D79FA64D56} = {EFB4CC41-4662-2886-C5B9-2E8AD88A9DBC}
		{E1C5CEE4-6D8E-8A4A-C319-DAB12E9E56ED} = {F118F14E-3423-54F3-A214-93D79FA64D56}
		{247D5BFA-EFD9-44B8-B3D9-8C8B9AA1A720} = {E1C5CEE4-6D8E-8A4A-C319-DAB12E9E56ED}
		{6504B5B6-BEAA-4685-9A73-36A9C9D78ADA} = {E1C5CEE4-6D8E-8A4A-C319-DAB12E9E56ED}
		{7A904E8B-6BDD-40C3-8801-F02159F45EC2} = {E1C5CEE4-6D8E-8A4A-C319-DAB12E9E56ED}
		{13D98729-7434-4B5C-A027-8EA483C34984} = {E1C5CEE4-6D8E-8A4A-C319-DAB12E9E56ED}
		{3EA6C8A6-613B-4021-AB1D-A86B87C72F96} = {E1C5CEE4-6D8E-8A4A-C319-DAB12E9E56ED}
		{D2FFDC6F-19DC-4353-B0EB-591F5AD2A5C1} = {E1C5CEE4-6D8E-8A4A-C319-DAB12E9E56ED}
		{37F76AC3-F56B-1ABF-D567-E74987EF53F1} = {EFB4CC41-4662-2886-C5B9-2E8AD88A9DBC}
		{277D1928-902F-32A7-FFBF-81F8617C3846} = {37F76AC3-F56B-1ABF-D567-E74987EF53F1}
		{2A95210A-1B37-421F-9674-0A746895C21D} = {277D1928-902F-32A7-FFBF-81F8617C3846}
		{470F6739-5A50-467D-936E-7A6F156226C3} = {277D1928-902F-32A7-FFBF-81F8617C3846}
		{A14B26E4-A0C0-4ABC-9E50-B3DED13FCDDD} = {277D1928-902F-32A7-FFBF-81F8617C3846}
		{09822504-2224-4119-B0D9-2B18D02C6BDC} = {277D1928-902F-32A7-FFBF-81F8617C3846}
		{F158FE69-1D17-4F65-B1F0-9D5094DFC993} = {2BE95243-1D14-C8AC-F946-8EA4CA4328BF}
		{F324EC2F-F1F0-47DA-8616-76A953E8F75E} = {2BE95243-1D14-C8AC-F946-8EA4CA4328BF}
		{C6FD83DE-01E5-47AB-AA98-C32B5F3CBB71} = {2BE95243-1D14-C8AC-F946-8EA4CA4328BF}
		{C2B55B86-7E99-4720-9FD5-87DCF6E9D329} = {2BE95243-1D14-C8AC-F946-8EA4CA4328BF}
		{69433BC1-752F-4FEF-A6E4-AED2C6166BDB} = {2BE95243-1D14-C8AC-F946-8EA4CA4328BF}
		{7EAA3685-E558-42E6-AB3A-7210D1AF96C7} = {2BE95243-1D14-C8AC-F946-8EA4CA4328BF}
		{8CFD4F56-3CC1-8ED2-0849-0B1CADC5B102} = {EFB4CC41-4662-2886-C5B9-2E8AD88A9DBC}
		{96F9BF5F-52D8-A9E4-DB7F-3F9384E7F7FA} = {8CFD4F56-3CC1-8ED2-0849-0B1CADC5B102}
		{B1553B75-DFD6-72E3-0890-D51B431DF8D9} = {96F9BF5F-52D8-A9E4-DB7F-3F9384E7F7FA}
		{3BD25198-DD32-442B-A50E-D97083DAEEA5} = {B1553B75-DFD6-72E3-0890-D51B431DF8D9}
		{00F231F8-2C90-4938-BF12-59FFEAE40F1A} = {E1C5CEE4-6D8E-8A4A-C319-DAB12E9E56ED}
		{168E89BB-1806-4956-8B14-FB9B83DD184A} = {E1C5CEE4-6D8E-8A4A-C319-DAB12E9E56ED}
		{08899B62-E334-4489-9CF2-BF329E8821C6} = {E1C5CEE4-6D8E-8A4A-C319-DAB12E9E56ED}
		{D03F3624-83B2-4F63-8390-126FA247E01E} = {E1C5CEE4-6D8E-8A4A-C319-DAB12E9E56ED}
		{A647C779-E808-4088-A93F-D917778D975C} = {E1C5CEE4-6D8E-8A4A-C319-DAB12E9E56ED}
		{7730D7E1-6571-4814-B2F7-971C09781BE9} = {B1553B75-DFD6-72E3-0890-D51B431DF8D9}
		{CB81D5D6-7244-D44B-1DA8-0785B12FBC81} = {EFB4CC41-4662-2886-C5B9-2E8AD88A9DBC}
		{C6564696-0F1D-4D8D-9B35-9A9C03ADD4A2} = {CB81D5D6-7244-D44B-1DA8-0785B12FBC81}
		{98C8D7F6-A001-4CBD-B330-8F32DDE2EF9E} = {C6564696-0F1D-4D8D-9B35-9A9C03ADD4A2}
		{E5D84109-5CC7-4501-9453-BF7B464FD047} = {B1553B75-DFD6-72E3-0890-D51B431DF8D9}
		{42A6BE65-6021-473E-817D-7B33578B0263} = {B1553B75-DFD6-72E3-0890-D51B431DF8D9}
		{15029439-3FEC-43EA-B138-12A6B4134269} = {2BE95243-1D14-C8AC-F946-8EA4CA4328BF}
		{E8428339-E111-430C-83DC-C72A83D3C0C6} = {2BE95243-1D14-C8AC-F946-8EA4CA4328BF}
		{D161E330-39FC-4F36-B782-19928216EFAF} = {2BE95243-1D14-C8AC-F946-8EA4CA4328BF}
		{FD47218F-D426-4E66-BDBA-C3415061CC7A} = {B1553B75-DFD6-72E3-0890-D51B431DF8D9}
		{0AC0176B-B3F2-42D7-8F54-076D4A6FC094} = {2BE95243-1D14-C8AC-F946-8EA4CA4328BF}
		{F9481EE2-6322-4449-81C2-2683BE41DAF5} = {2BE95243-1D14-C8AC-F946-8EA4CA4328BF}
		{8033D9F6-BE87-4E60-B7B6-84C59FE5FC7C} = {2BE95243-1D14-C8AC-F946-8EA4CA4328BF}
		{930A6C13-5326-43E3-B0C0-305EEB8A9161} = {277D1928-902F-32A7-FFBF-81F8617C3846}
		{9F4FCAB1-5C33-42B1-8DDC-63B3D2A009BA} = {2BE95243-1D14-C8AC-F946-8EA4CA4328BF}
		{FE40BB97-830F-4539-B944-8017D2F6A4E2} = {2BE95243-1D14-C8AC-F946-8EA4CA4328BF}
		{1EF1990F-65EA-4DB2-BC7C-A6C25E83741D} = {2BE95243-1D14-C8AC-F946-8EA4CA4328BF}
		{C2249F9E-7B55-4DA1-AFFE-E8F46D4F3E70} = {2BE95243-1D14-C8AC-F946-8EA4CA4328BF}
		{A6EA53F1-6C42-4733-87F4-EF3AAC962C55} = {B1553B75-DFD6-72E3-0890-D51B431DF8D9}
		{ADB57C81-5C0D-4508-A821-B19044F48749} = {2BE95243-1D14-C8AC-F946-8EA4CA4328BF}
		{D17E857E-E494-409C-809A-51354CB57502} = {2BE95243-1D14-C8AC-F946-8EA4CA4328BF}
		{71F5B092-02B6-4D9C-93CD-EE3FBE834E35} = {2BE95243-1D14-C8AC-F946-8EA4CA4328BF}
		{4469131C-47D1-4804-8654-C1C2A78BAF37} = {2BE95243-1D14-C8AC-F946-8EA4CA4328BF}
		{7CFDF666-4FA5-48BA-854A-34B19C00AD5D} = {2BE95243-1D14-C8AC-F946-8EA4CA4328BF}
		{F3846736-565B-9EA7-873C-5ACF842A7768} = {827E0CD3-B72D-47B6-A68D-7590B98EB39B}
		{D28B93CA-6F68-47FD-99AB-5A31775AB35D} = {F3846736-565B-9EA7-873C-5ACF842A7768}
		{1E2B982D-5A14-A1E9-64E0-D840F51EBEA8} = {F118F14E-3423-54F3-A214-93D79FA64D56}
		{60F94926-0C65-4008-A2B0-0E34EF374C81} = {1E2B982D-5A14-A1E9-64E0-D840F51EBEA8}
		{2B4E54AC-7DEF-1549-9779-3DE57D644187} = {827E0CD3-B72D-47B6-A68D-7590B98EB39B}
		{2A7A1B99-C8BA-40F2-B79E-5452DA8D72DD} = {2B4E54AC-7DEF-1549-9779-3DE57D644187}
		{433CC79B-713D-4263-A949-C46D197F6CC9} = {0AB3BF05-4346-4AA6-1389-037BE0695223}
		{83123776-6A96-4A78-B510-D16AEE0483C0} = {0AB3BF05-4346-4AA6-1389-037BE0695223}
		{921A8F32-7110-D511-62F7-897E2B692530} = {0AB3BF05-4346-4AA6-1389-037BE0695223}
		{DECF2330-6D58-4FCB-A64D-8F69D24BD016} = {921A8F32-7110-D511-62F7-897E2B692530}
		{42F3776D-B124-432B-A4AA-3238996A62FC} = {921A8F32-7110-D511-62F7-897E2B692530}
		{90193EFC-7B46-4259-926F-1B05FC307E93} = {921A8F32-7110-D511-62F7-897E2B692530}
		{70F1D356-2107-43BA-8D1D-DDAEE2350FB5} = {277D1928-902F-32A7-FFBF-81F8617C3846}
		{5BF2C16B-FB66-4C3C-BF85-E92D23A56C60} = {921A8F32-7110-D511-62F7-897E2B692530}
		{A2C2E77D-3003-4B9D-97BF-A69BD2B08004} = {921A8F32-7110-D511-62F7-897E2B692530}
		{3FEA5F5E-1EB2-41D6-B960-45B623F11F2C} = {921A8F32-7110-D511-62F7-897E2B692530}
		{4A709B4F-F00D-48F4-861E-EC0BD4D41A4B} = {921A8F32-7110-D511-62F7-897E2B692530}
		{C7597C45-8979-4C08-A433-27AB6DBA9423} = {921A8F32-7110-D511-62F7-897E2B692530}
		{F544DDF8-AC5D-4E46-A8D3-3BB6425C9C0E} = {921A8F32-7110-D511-62F7-897E2B692530}
		{A8C7D474-16BC-4042-AC54-5F7BBC705E01} = {921A8F32-7110-D511-62F7-897E2B692530}
		{584C8CAF-CDB8-4B20-BD7F-BBF36E18A0F4} = {921A8F32-7110-D511-62F7-897E2B692530}
		{5B8C1E91-8E29-42AC-91EA-4439022A3552} = {921A8F32-7110-D511-62F7-897E2B692530}
		{9A22F780-D436-48FF-B775-3F11FF5A9D77} = {921A8F32-7110-D511-62F7-897E2B692530}
		{5A08BDD7-3DA7-446D-A591-1FB86214E69A} = {921A8F32-7110-D511-62F7-897E2B692530}
		{59DA2C8E-3E16-492A-BFA3-722F97F49708} = {921A8F32-7110-D511-62F7-897E2B692530}
		{9A757124-A697-4025-8779-2CAF622835FA} = {921A8F32-7110-D511-62F7-897E2B692530}
		{91590C71-90B3-4E08-908B-2A02E81D46C6} = {921A8F32-7110-D511-62F7-897E2B692530}
		{C6977192-063B-4EBE-A1C3-EE99FFE6B465} = {921A8F32-7110-D511-62F7-897E2B692530}
		{DF7CF64C-8925-45A2-9CF2-F5EF3576858D} = {921A8F32-7110-D511-62F7-897E2B692530}
		{45E86A1F-7CA7-4C4A-9A02-53A44ADB9F4A} = {921A8F32-7110-D511-62F7-897E2B692530}
		{EA4FBA6D-D826-42D8-8230-5E0130EAAEDE} = {921A8F32-7110-D511-62F7-897E2B692530}
		{8DAF9503-C166-4BC2-BE21-78E67C7E84D2} = {921A8F32-7110-D511-62F7-897E2B692530}
		{DA52C2E7-1281-792B-FC57-5A027D9011DB} = {0AB3BF05-4346-4AA6-1389-037BE0695223}
		{86511301-36D1-4BE3-8430-AEB6B99D4A5F} = {DA52C2E7-1281-792B-FC57-5A027D9011DB}
		{2C920A23-D610-5BCD-25E5-3C62F0764F07} = {0AB3BF05-4346-4AA6-1389-037BE0695223}
		{62FB674C-FBA7-47E7-8634-5AC06E941406} = {2C920A23-D610-5BCD-25E5-3C62F0764F07}
	EndGlobalSection
EndGlobal
